// !$*UTF8*$!
{
	archiveVersion = 1;
	classes = {
	};
	objectVersion = 46;
	objects = {

/* Begin PBXBuildFile section */
		0AA3CA073B98D5ED579114BB /* Result.xib in Resources */ = {isa = PBXBuildFile; fileRef = 0EDA9357E4EA67F1BE3856CF /* Result.xib */; };
		1DE27E8690AE20319DA569B8 /* Redondeado2.png in Resources */ = {isa = PBXBuildFile; fileRef = 3236F926658B85981F86F0C6 /* Redondeado2.png */; };
		1F9597AB3077AC70CDF89157 /* TiElA.xib in Resources */ = {isa = PBXBuildFile; fileRef = 7C3C1D2900B8A1FEA978738F /* TiElA.xib */; };
		2C0B9A86AB3E01C3FE9C87EB /* DataBase.m in Sources */ = {isa = PBXBuildFile; fileRef = 7A2D9F73233EC89F2D33A380 /* DataBase.m */; };
		2F1497E13AECBA02B6EF5175 /* PrivacyInfo.xcprivacy in Resources */ = {isa = PBXBuildFile; fileRef = E0D99A5CDC8D971A7954A584 /* PrivacyInfo.xcprivacy */; };
		3DAD44DB1BDEF84B007E123A /* main.m in Sources */ = {isa = PBXBuildFile; fileRef = 3DAD44DA1BDEF84B007E123A /* main.m */; };
		3DAD44DE1BDEF84B007E123A /* AppDelegate.m in Sources */ = {isa = PBXBuildFile; fileRef = 3DAD44DD1BDEF84B007E123A /* AppDelegate.m */; };
		3DAD44E11BDEF84B007E123A /* ViewController.m in Sources */ = {isa = PBXBuildFile; fileRef = 3DAD44E01BDEF84B007E123A /* ViewController.m */; };
		3DAD44E41BDEF84B007E123A /* Main.storyboard in Resources */ = {isa = PBXBuildFile; fileRef = 3DAD44E21BDEF84B007E123A /* Main.storyboard */; };
		3DAD44E61BDEF84B007E123A /* Assets.xcassets in Resources */ = {isa = PBXBuildFile; fileRef = 3DAD44E51BDEF84B007E123A /* Assets.xcassets */; };
		3DAD44E91BDEF84B007E123A /* LaunchScreen.storyboard in Resources */ = {isa = PBXBuildFile; fileRef = 3DAD44E71BDEF84B007E123A /* LaunchScreen.storyboard */; };
		3DAD44F41BDEF84C007E123A /* CMSimulatorTests.m in Sources */ = {isa = PBXBuildFile; fileRef = 3DAD44F31BDEF84C007E123A /* CMSimulatorTests.m */; };
		3DAD44FF1BDEF84C007E123A /* CMSimulatorUITests.m in Sources */ = {isa = PBXBuildFile; fileRef = 3DAD44FE1BDEF84C007E123A /* CMSimulatorUITests.m */; };
		3DAD45141BDF1351007E123A /* Construction.jpeg in Resources */ = {isa = PBXBuildFile; fileRef = 3DAD45131BDF1351007E123A /* Construction.jpeg */; };
		3DAD45161BDF1361007E123A /* IES.jpeg in Resources */ = {isa = PBXBuildFile; fileRef = 3DAD45151BDF1361007E123A /* IES.jpeg */; };
		3DAD451E1BDF13AB007E123A /* Communications.jpeg in Resources */ = {isa = PBXBuildFile; fileRef = 3DAD451D1BDF13AB007E123A /* Communications.jpeg */; };
		3DAD45241BDF13C2007E123A /* Training.jpeg in Resources */ = {isa = PBXBuildFile; fileRef = 3DAD45231BDF13C2007E123A /* Training.jpeg */; };
		3DAD45261BDF13E3007E123A /* Engineering.jpeg in Resources */ = {isa = PBXBuildFile; fileRef = 3DAD45251BDF13E3007E123A /* Engineering.jpeg */; };
		3DAD45281BDF13EC007E123A /* Quality.jpeg in Resources */ = {isa = PBXBuildFile; fileRef = 3DAD45271BDF13EC007E123A /* Quality.jpeg */; };
		3DAD452A1BDF13F4007E123A /* Planning.jpeg in Resources */ = {isa = PBXBuildFile; fileRef = 3DAD45291BDF13F4007E123A /* Planning.jpeg */; };
		3DAD45341BDF1423007E123A /* Risk.jpeg in Resources */ = {isa = PBXBuildFile; fileRef = 3DAD45331BDF1423007E123A /* Risk.jpeg */; };
		3DAD453A1BDF1445007E123A /* Structure.jpeg in Resources */ = {isa = PBXBuildFile; fileRef = 3DAD45391BDF1445007E123A /* Structure.jpeg */; };
		3DAD453C1BDF15CE007E123A /* IHS.jpeg in Resources */ = {isa = PBXBuildFile; fileRef = 3DAD453B1BDF15CE007E123A /* IHS.jpeg */; };
		3DB3C6741BDF917F005285E9 /* Plus.png in Resources */ = {isa = PBXBuildFile; fileRef = 3DB3C66F1BDF917F005285E9 /* Plus.png */; };
		3DB3C6751BDF917F005285E9 /* Play.png in Resources */ = {isa = PBXBuildFile; fileRef = 3DB3C6701BDF917F005285E9 /* Play.png */; };
		3DB3C6761BDF917F005285E9 /* Pause.png in Resources */ = {isa = PBXBuildFile; fileRef = 3DB3C6711BDF917F005285E9 /* Pause.png */; };
		3DB3C6771BDF917F005285E9 /* Minus.png in Resources */ = {isa = PBXBuildFile; fileRef = 3DB3C6721BDF917F005285E9 /* Minus.png */; };
		3DB3C6781BDF917F005285E9 /* FF.png in Resources */ = {isa = PBXBuildFile; fileRef = 3DB3C6731BDF917F005285E9 /* FF.png */; };
		3DB3C67E1BDFA55B005285E9 /* LDProgressView.m in Sources */ = {isa = PBXBuildFile; fileRef = 3DB3C67B1BDFA55B005285E9 /* LDProgressView.m */; };
		3DB3C67F1BDFA55B005285E9 /* UIColor+RGBValues.m in Sources */ = {isa = PBXBuildFile; fileRef = 3DB3C67D1BDFA55B005285E9 /* UIColor+RGBValues.m */; };
		3DB3C6811BDFA5EC005285E9 /* Design.jpeg in Resources */ = {isa = PBXBuildFile; fileRef = 3DB3C6801BDFA5EC005285E9 /* Design.jpeg */; };
		3DB3C6871BDFAB0D005285E9 /* SPIViewController.m in Sources */ = {isa = PBXBuildFile; fileRef = 3DB3C6831BDFAB0D005285E9 /* SPIViewController.m */; };
		3DB3C6881BDFAB0D005285E9 /* SPIViewController.xib in Resources */ = {isa = PBXBuildFile; fileRef = 3DB3C6841BDFAB0D005285E9 /* SPIViewController.xib */; };
		3DB3C6891BDFAB0D005285E9 /* SPI.m in Sources */ = {isa = PBXBuildFile; fileRef = 3DB3C6861BDFAB0D005285E9 /* SPI.m */; };
		3DB3C6901BDFB064005285E9 /* Recurso.m in Sources */ = {isa = PBXBuildFile; fileRef = 3DB3C68E1BDFB064005285E9 /* Recurso.m */; };
		3DB3C6911BDFB064005285E9 /* Recurso.xib in Resources */ = {isa = PBXBuildFile; fileRef = 3DB3C68F1BDFB064005285E9 /* Recurso.xib */; };
		3DB3C6951BE0235B005285E9 /* Potenciadores.m in Sources */ = {isa = PBXBuildFile; fileRef = 3DB3C6931BE0235B005285E9 /* Potenciadores.m */; };
		3DB3C6961BE0235B005285E9 /* Potenciadores.xib in Resources */ = {isa = PBXBuildFile; fileRef = 3DB3C6941BE0235B005285E9 /* Potenciadores.xib */; };
		5296402BB3AF937C169EC808 /* TimeMaster.png in Resources */ = {isa = PBXBuildFile; fileRef = 0ECE7D1D04BFD4AF29C12343 /* TimeMaster.png */; };
		5713F0CADCB4704E0C5F2E19 /* Redondeado1C.png in Resources */ = {isa = PBXBuildFile; fileRef = 931F50DA1C0259135BACA5FE /* Redondeado1C.png */; };
		59B7FBA6BE2A5ED50C093190 /* AppIcon-Source.png in Resources */ = {isa = PBXBuildFile; fileRef = 7C725DAB59A055B11E4CDEFD /* AppIcon-Source.png */; };
		5F04F7A1B88C330A24A22115 /* Cost-Master.png in Resources */ = {isa = PBXBuildFile; fileRef = A5A4871BB1789BDD4BB276D8 /* Cost-Master.png */; };
		74B6864D969D2EF81D31E3DB /* RedondeadoBlanco.png in Resources */ = {isa = PBXBuildFile; fileRef = 65356F100205CF39FB951C5C /* RedondeadoBlanco.png */; };
		7ED11F509101CB407B5B78A0 /* Procurement.png in Resources */ = {isa = PBXBuildFile; fileRef = 1A687FB91436DF7D483F2D29 /* Procurement.png */; };
		80E7CEA978BD5635A1656E93 /* Help.xib in Resources */ = {isa = PBXBuildFile; fileRef = 9B86D8C5495DC428964F19B6 /* Help.xib */; };
		850B7FD2454082BE95A2BA42 /* GameKit.framework in Frameworks */ = {isa = PBXBuildFile; fileRef = A85B18ADFEB21E6F54482C42 /* GameKit.framework */; };
		87B7DA56B380AEF65B56C5C3 /* Help.m in Sources */ = {isa = PBXBuildFile; fileRef = 9A8C764E7F3BDADDAB386397 /* Help.m */; };
		963286031C141B87838A4DF8 /* TiElTaA.m in Sources */ = {isa = PBXBuildFile; fileRef = CC3B0265C4FCFEF7A8040B50 /* TiElTaA.m */; };
		976E30F986BE1C6D717552D3 /* Scores.xib in Resources */ = {isa = PBXBuildFile; fileRef = A37FF8E9D2F71A43AA772F41 /* Scores.xib */; };
		AEF08FE02A965FD1B714C5C0 /* TiElA.m in Sources */ = {isa = PBXBuildFile; fileRef = 7EB8064EFB2768826E839C2E /* TiElA.m */; };
		AFE5C9CD01B4D8207CD6E177 /* Intro.m in Sources */ = {isa = PBXBuildFile; fileRef = 126E18BD67E028FE34430984 /* Intro.m */; };
		B5E58C55E0C0303828EA7BF2 /* Scores.m in Sources */ = {isa = PBXBuildFile; fileRef = CCAB44A7D339E759DFB50751 /* Scores.m */; };
		B9C07574510B4FEFC8506104 /* Result.m in Sources */ = {isa = PBXBuildFile; fileRef = E5684A766B470EAB292CA12B /* Result.m */; };
		BF49A90C4B6FB2C3551C16EF /* TiElTaA.xib in Resources */ = {isa = PBXBuildFile; fileRef = 1137BF25EB38BBF84E06B4AB /* TiElTaA.xib */; };
		C0688DF128B21F84212E0AD0 /* Redondeado4B.png in Resources */ = {isa = PBXBuildFile; fileRef = EE8F64C85481789A9830DAF8 /* Redondeado4B.png */; };
		C8BBE9125A73FDDD21980379 /* Intro.xib in Resources */ = {isa = PBXBuildFile; fileRef = 05D73716E7B683A60D427D74 /* Intro.xib */; };
		D31B2F841223BC45BA8345E3 /* libsqlite3.tbd in Frameworks */ = {isa = PBXBuildFile; fileRef = F8019862DAC96E7B06499E06 /* libsqlite3.tbd */; };
		D7641D4A05703DF857B5CFF8 /* GestorBD.m in Sources */ = {isa = PBXBuildFile; fileRef = 75A7EB0E63A63F2955ED8F68 /* GestorBD.m */; };
		DB8E78EFF60D0D11C292EBD7 /* GameCenter.png in Resources */ = {isa = PBXBuildFile; fileRef = 0BB928AC3D7E9FA96BFB3139 /* GameCenter.png */; };
		DF3BA032C53C0C155B2B8ED1 /* ConstructionMaster.png in Resources */ = {isa = PBXBuildFile; fileRef = 813A4A8DD8CDC9F8985048D9 /* ConstructionMaster.png */; };
		4E4D29EFA4503F1BBE6F78E9 /* UIViewController+CanvasFit.m in Sources */ = {isa = PBXBuildFile; fileRef = B01E36422A7F7B67364BA965 /* UIViewController+CanvasFit.m */; };
/* End PBXBuildFile section */

/* Begin PBXContainerItemProxy section */
		3DAD44F01BDEF84C007E123A /* PBXContainerItemProxy */ = {
			isa = PBXContainerItemProxy;
			containerPortal = 3DAD44CE1BDEF84B007E123A /* Project object */;
			proxyType = 1;
			remoteGlobalIDString = 3DAD44D51BDEF84B007E123A;
			remoteInfo = CMSimulator;
		};
		3DAD44FB1BDEF84C007E123A /* PBXContainerItemProxy */ = {
			isa = PBXContainerItemProxy;
			containerPortal = 3DAD44CE1BDEF84B007E123A /* Project object */;
			proxyType = 1;
			remoteGlobalIDString = 3DAD44D51BDEF84B007E123A;
			remoteInfo = CMSimulator;
		};
/* End PBXContainerItemProxy section */

/* Begin PBXFileReference section */
		05D73716E7B683A60D427D74 /* Intro.xib */ = {isa = PBXFileReference; fileEncoding = 4; lastKnownFileType = file.xib; path = Intro.xib; sourceTree = "<group>"; };
		0BB928AC3D7E9FA96BFB3139 /* GameCenter.png */ = {isa = PBXFileReference; lastKnownFileType = image.png; path = GameCenter.png; sourceTree = "<group>"; };
		0ECE7D1D04BFD4AF29C12343 /* TimeMaster.png */ = {isa = PBXFileReference; lastKnownFileType = image.png; path = TimeMaster.png; sourceTree = "<group>"; };
		0EDA9357E4EA67F1BE3856CF /* Result.xib */ = {isa = PBXFileReference; fileEncoding = 4; lastKnownFileType = file.xib; path = Result.xib; sourceTree = "<group>"; };
		1137BF25EB38BBF84E06B4AB /* TiElTaA.xib */ = {isa = PBXFileReference; fileEncoding = 4; lastKnownFileType = file.xib; path = TiElTaA.xib; sourceTree = "<group>"; };
		126E18BD67E028FE34430984 /* Intro.m */ = {isa = PBXFileReference; fileEncoding = 4; lastKnownFileType = sourcecode.c.objc; path = Intro.m; sourceTree = "<group>"; };
		1A687FB91436DF7D483F2D29 /* Procurement.png */ = {isa = PBXFileReference; lastKnownFileType = image.png; path = Procurement.png; sourceTree = "<group>"; };
		3236F926658B85981F86F0C6 /* Redondeado2.png */ = {isa = PBXFileReference; lastKnownFileType = image.png; path = Redondeado2.png; sourceTree = "<group>"; };
		335DDEB5CEF49FD4AE84CCA1 /* Scores.h */ = {isa = PBXFileReference; fileEncoding = 4; lastKnownFileType = sourcecode.c.h; path = Scores.h; sourceTree = "<group>"; };
		398DEEB92F4A8876EFF7C6A0 /* Help.h */ = {isa = PBXFileReference; fileEncoding = 4; lastKnownFileType = sourcecode.c.h; path = Help.h; sourceTree = "<group>"; };
		3D8BCDD405DB9C851FCD4C67 /* DataBase.h */ = {isa = PBXFileReference; fileEncoding = 4; lastKnownFileType = sourcecode.c.h; path = DataBase.h; sourceTree = "<group>"; };
		3DAD44D61BDEF84B007E123A /* CMSimulator.app */ = {isa = PBXFileReference; explicitFileType = wrapper.application; includeInIndex = 0; path = CMSimulator.app; sourceTree = BUILT_PRODUCTS_DIR; };
		3DAD44DA1BDEF84B007E123A /* main.m */ = {isa = PBXFileReference; lastKnownFileType = sourcecode.c.objc; path = main.m; sourceTree = "<group>"; };
		3DAD44DC1BDEF84B007E123A /* AppDelegate.h */ = {isa = PBXFileReference; lastKnownFileType = sourcecode.c.h; path = AppDelegate.h; sourceTree = "<group>"; };
		3DAD44DD1BDEF84B007E123A /* AppDelegate.m */ = {isa = PBXFileReference; lastKnownFileType = sourcecode.c.objc; path = AppDelegate.m; sourceTree = "<group>"; };
		3DAD44DF1BDEF84B007E123A /* ViewController.h */ = {isa = PBXFileReference; lastKnownFileType = sourcecode.c.h; path = ViewController.h; sourceTree = "<group>"; };
		3DAD44E01BDEF84B007E123A /* ViewController.m */ = {isa = PBXFileReference; lastKnownFileType = sourcecode.c.objc; path = ViewController.m; sourceTree = "<group>"; };
		3DAD44E31BDEF84B007E123A /* Base */ = {isa = PBXFileReference; lastKnownFileType = file.storyboard; name = Base; path = Base.lproj/Main.storyboard; sourceTree = "<group>"; };
		3DAD44E51BDEF84B007E123A /* Assets.xcassets */ = {isa = PBXFileReference; lastKnownFileType = folder.assetcatalog; path = Assets.xcassets; sourceTree = "<group>"; };
		3DAD44E81BDEF84B007E123A /* Base */ = {isa = PBXFileReference; lastKnownFileType = file.storyboard; name = Base; path = Base.lproj/LaunchScreen.storyboard; sourceTree = "<group>"; };
		3DAD44EA1BDEF84B007E123A /* Info.plist */ = {isa = PBXFileReference; lastKnownFileType = text.plist.xml; path = Info.plist; sourceTree = "<group>"; };
		3DAD44EF1BDEF84C007E123A /* CMSimulatorTests.xctest */ = {isa = PBXFileReference; explicitFileType = wrapper.cfbundle; includeInIndex = 0; path = CMSimulatorTests.xctest; sourceTree = BUILT_PRODUCTS_DIR; };
		3DAD44F31BDEF84C007E123A /* CMSimulatorTests.m */ = {isa = PBXFileReference; lastKnownFileType = sourcecode.c.objc; path = CMSimulatorTests.m; sourceTree = "<group>"; };
		3DAD44F51BDEF84C007E123A /* Info.plist */ = {isa = PBXFileReference; lastKnownFileType = text.plist.xml; path = Info.plist; sourceTree = "<group>"; };
		3DAD44FA1BDEF84C007E123A /* CMSimulatorUITests.xctest */ = {isa = PBXFileReference; explicitFileType = wrapper.cfbundle; includeInIndex = 0; path = CMSimulatorUITests.xctest; sourceTree = BUILT_PRODUCTS_DIR; };
		3DAD44FE1BDEF84C007E123A /* CMSimulatorUITests.m */ = {isa = PBXFileReference; lastKnownFileType = sourcecode.c.objc; path = CMSimulatorUITests.m; sourceTree = "<group>"; };
		3DAD45001BDEF84C007E123A /* Info.plist */ = {isa = PBXFileReference; lastKnownFileType = text.plist.xml; path = Info.plist; sourceTree = "<group>"; };
		3DAD45131BDF1351007E123A /* Construction.jpeg */ = {isa = PBXFileReference; lastKnownFileType = image.jpeg; path = Construction.jpeg; sourceTree = "<group>"; };
		3DAD45151BDF1361007E123A /* IES.jpeg */ = {isa = PBXFileReference; lastKnownFileType = image.jpeg; path = IES.jpeg; sourceTree = "<group>"; };
		3DAD451D1BDF13AB007E123A /* Communications.jpeg */ = {isa = PBXFileReference; lastKnownFileType = image.jpeg; path = Communications.jpeg; sourceTree = "<group>"; };
		3DAD45231BDF13C2007E123A /* Training.jpeg */ = {isa = PBXFileReference; lastKnownFileType = image.jpeg; path = Training.jpeg; sourceTree = "<group>"; };
		3DAD45251BDF13E3007E123A /* Engineering.jpeg */ = {isa = PBXFileReference; lastKnownFileType = image.jpeg; path = Engineering.jpeg; sourceTree = "<group>"; };
		3DAD45271BDF13EC007E123A /* Quality.jpeg */ = {isa = PBXFileReference; lastKnownFileType = image.jpeg; path = Quality.jpeg; sourceTree = "<group>"; };
		3DAD45291BDF13F4007E123A /* Planning.jpeg */ = {isa = PBXFileReference; lastKnownFileType = image.jpeg; path = Planning.jpeg; sourceTree = "<group>"; };
		3DAD45331BDF1423007E123A /* Risk.jpeg */ = {isa = PBXFileReference; lastKnownFileType = image.jpeg; path = Risk.jpeg; sourceTree = "<group>"; };
		3DAD45391BDF1445007E123A /* Structure.jpeg */ = {isa = PBXFileReference; lastKnownFileType = image.jpeg; path = Structure.jpeg; sourceTree = "<group>"; };
		3DAD453B1BDF15CE007E123A /* IHS.jpeg */ = {isa = PBXFileReference; lastKnownFileType = image.jpeg; path = IHS.jpeg; sourceTree = "<group>"; };
		3DB3C66F1BDF917F005285E9 /* Plus.png */ = {isa = PBXFileReference; lastKnownFileType = image.png; path = Plus.png; sourceTree = "<group>"; };
		3DB3C6701BDF917F005285E9 /* Play.png */ = {isa = PBXFileReference; lastKnownFileType = image.png; path = Play.png; sourceTree = "<group>"; };
		3DB3C6711BDF917F005285E9 /* Pause.png */ = {isa = PBXFileReference; lastKnownFileType = image.png; path = Pause.png; sourceTree = "<group>"; };
		3DB3C6721BDF917F005285E9 /* Minus.png */ = {isa = PBXFileReference; lastKnownFileType = image.png; path = Minus.png; sourceTree = "<group>"; };
		3DB3C6731BDF917F005285E9 /* FF.png */ = {isa = PBXFileReference; lastKnownFileType = image.png; path = FF.png; sourceTree = "<group>"; };
		3DB3C67A1BDFA55B005285E9 /* LDProgressView.h */ = {isa = PBXFileReference; fileEncoding = 4; lastKnownFileType = sourcecode.c.h; path = LDProgressView.h; sourceTree = "<group>"; };
		3DB3C67B1BDFA55B005285E9 /* LDProgressView.m */ = {isa = PBXFileReference; fileEncoding = 4; lastKnownFileType = sourcecode.c.objc; path = LDProgressView.m; sourceTree = "<group>"; };
		3DB3C67C1BDFA55B005285E9 /* UIColor+RGBValues.h */ = {isa = PBXFileReference; fileEncoding = 4; lastKnownFileType = sourcecode.c.h; path = "UIColor+RGBValues.h"; sourceTree = "<group>"; };
		3DB3C67D1BDFA55B005285E9 /* UIColor+RGBValues.m */ = {isa = PBXFileReference; fileEncoding = 4; lastKnownFileType = sourcecode.c.objc; path = "UIColor+RGBValues.m"; sourceTree = "<group>"; };
		3DB3C6801BDFA5EC005285E9 /* Design.jpeg */ = {isa = PBXFileReference; lastKnownFileType = image.jpeg; path = Design.jpeg; sourceTree = "<group>"; };
		3DB3C6821BDFAB0D005285E9 /* SPIViewController.h */ = {isa = PBXFileReference; fileEncoding = 4; lastKnownFileType = sourcecode.c.h; path = SPIViewController.h; sourceTree = "<group>"; };
		3DB3C6831BDFAB0D005285E9 /* SPIViewController.m */ = {isa = PBXFileReference; fileEncoding = 4; lastKnownFileType = sourcecode.c.objc; path = SPIViewController.m; sourceTree = "<group>"; };
		3DB3C6841BDFAB0D005285E9 /* SPIViewController.xib */ = {isa = PBXFileReference; fileEncoding = 4; lastKnownFileType = file.xib; path = SPIViewController.xib; sourceTree = "<group>"; };
		3DB3C6851BDFAB0D005285E9 /* SPI.h */ = {isa = PBXFileReference; fileEncoding = 4; lastKnownFileType = sourcecode.c.h; path = SPI.h; sourceTree = "<group>"; };
		3DB3C6861BDFAB0D005285E9 /* SPI.m */ = {isa = PBXFileReference; fileEncoding = 4; lastKnownFileType = sourcecode.c.objc; path = SPI.m; sourceTree = "<group>"; };
		3DB3C68D1BDFB064005285E9 /* Recurso.h */ = {isa = PBXFileReference; fileEncoding = 4; lastKnownFileType = sourcecode.c.h; path = Recurso.h; sourceTree = "<group>"; };
		3DB3C68E1BDFB064005285E9 /* Recurso.m */ = {isa = PBXFileReference; fileEncoding = 4; lastKnownFileType = sourcecode.c.objc; path = Recurso.m; sourceTree = "<group>"; };
		3DB3C68F1BDFB064005285E9 /* Recurso.xib */ = {isa = PBXFileReference; fileEncoding = 4; lastKnownFileType = file.xib; path = Recurso.xib; sourceTree = "<group>"; };
		3DB3C6921BE0235B005285E9 /* Potenciadores.h */ = {isa = PBXFileReference; fileEncoding = 4; lastKnownFileType = sourcecode.c.h; path = Potenciadores.h; sourceTree = "<group>"; };
		3DB3C6931BE0235B005285E9 /* Potenciadores.m */ = {isa = PBXFileReference; fileEncoding = 4; lastKnownFileType = sourcecode.c.objc; path = Potenciadores.m; sourceTree = "<group>"; };
		3DB3C6941BE0235B005285E9 /* Potenciadores.xib */ = {isa = PBXFileReference; fileEncoding = 4; lastKnownFileType = file.xib; path = Potenciadores.xib; sourceTree = "<group>"; };
		5299F2AB46DC935464294E69 /* GestorBD.h */ = {isa = PBXFileReference; fileEncoding = 4; lastKnownFileType = sourcecode.c.h; path = GestorBD.h; sourceTree = "<group>"; };
		65356F100205CF39FB951C5C /* RedondeadoBlanco.png */ = {isa = PBXFileReference; lastKnownFileType = image.png; path = RedondeadoBlanco.png; sourceTree = "<group>"; };
		75A7EB0E63A63F2955ED8F68 /* GestorBD.m */ = {isa = PBXFileReference; fileEncoding = 4; lastKnownFileType = sourcecode.c.objc; path = GestorBD.m; sourceTree = "<group>"; };
		7A2D9F73233EC89F2D33A380 /* DataBase.m */ = {isa = PBXFileReference; fileEncoding = 4; lastKnownFileType = sourcecode.c.objc; path = DataBase.m; sourceTree = "<group>"; };
		7C3C1D2900B8A1FEA978738F /* TiElA.xib */ = {isa = PBXFileReference; fileEncoding = 4; lastKnownFileType = file.xib; path = TiElA.xib; sourceTree = "<group>"; };
		7C725DAB59A055B11E4CDEFD /* AppIcon-Source.png */ = {isa = PBXFileReference; lastKnownFileType = image.png; path = "AppIcon-Source.png"; sourceTree = "<group>"; };
		7EB8064EFB2768826E839C2E /* TiElA.m */ = {isa = PBXFileReference; fileEncoding = 4; lastKnownFileType = sourcecode.c.objc; path = TiElA.m; sourceTree = "<group>"; };
		813A4A8DD8CDC9F8985048D9 /* ConstructionMaster.png */ = {isa = PBXFileReference; lastKnownFileType = image.png; path = ConstructionMaster.png; sourceTree = "<group>"; };
		931F50DA1C0259135BACA5FE /* Redondeado1C.png */ = {isa = PBXFileReference; lastKnownFileType = image.png; path = Redondeado1C.png; sourceTree = "<group>"; };
		9A8C764E7F3BDADDAB386397 /* Help.m */ = {isa = PBXFileReference; fileEncoding = 4; lastKnownFileType = sourcecode.c.objc; path = Help.m; sourceTree = "<group>"; };
		9B86D8C5495DC428964F19B6 /* Help.xib */ = {isa = PBXFileReference; fileEncoding = 4; lastKnownFileType = file.xib; path = Help.xib; sourceTree = "<group>"; };
		A37FF8E9D2F71A43AA772F41 /* Scores.xib */ = {isa = PBXFileReference; fileEncoding = 4; lastKnownFileType = file.xib; path = Scores.xib; sourceTree = "<group>"; };
		A5A4871BB1789BDD4BB276D8 /* Cost-Master.png */ = {isa = PBXFileReference; lastKnownFileType = image.png; path = "Cost-Master.png"; sourceTree = "<group>"; };
		A85B18ADFEB21E6F54482C42 /* GameKit.framework */ = {isa = PBXFileReference; lastKnownFileType = wrapper.framework; name = GameKit.framework; path = System/Library/Frameworks/GameKit.framework; sourceTree = SDKROOT; };
		B27F3022C7733E66932904F5 /* TiElA.h */ = {isa = PBXFileReference; fileEncoding = 4; lastKnownFileType = sourcecode.c.h; path = TiElA.h; sourceTree = "<group>"; };
		BBA0C1880BA7B3DBD4231B92 /* CMSimulator.entitlements */ = {isa = PBXFileReference; lastKnownFileType = text.plist.entitlements; path = CMSimulator.entitlements; sourceTree = "<group>"; };
		CC3B0265C4FCFEF7A8040B50 /* TiElTaA.m */ = {isa = PBXFileReference; fileEncoding = 4; lastKnownFileType = sourcecode.c.objc; path = TiElTaA.m; sourceTree = "<group>"; };
		CCAB44A7D339E759DFB50751 /* Scores.m */ = {isa = PBXFileReference; fileEncoding = 4; lastKnownFileType = sourcecode.c.objc; path = Scores.m; sourceTree = "<group>"; };
		E0D99A5CDC8D971A7954A584 /* PrivacyInfo.xcprivacy */ = {isa = PBXFileReference; lastKnownFileType = text; path = PrivacyInfo.xcprivacy; sourceTree = "<group>"; };
		E38B1C5BF2C99CD1BA0537B0 /* Result.h */ = {isa = PBXFileReference; fileEncoding = 4; lastKnownFileType = sourcecode.c.h; path = Result.h; sourceTree = "<group>"; };
		E5684A766B470EAB292CA12B /* Result.m */ = {isa = PBXFileReference; fileEncoding = 4; lastKnownFileType = sourcecode.c.objc; path = Result.m; sourceTree = "<group>"; };
		ED7DC0B1FBA1B19A08D1F5F2 /* TiElTaA.h */ = {isa = PBXFileReference; fileEncoding = 4; lastKnownFileType = sourcecode.c.h; path = TiElTaA.h; sourceTree = "<group>"; };
		EDE6E31140840969AEA8556C /* Intro.h */ = {isa = PBXFileReference; fileEncoding = 4; lastKnownFileType = sourcecode.c.h; path = Intro.h; sourceTree = "<group>"; };
		EE8F64C85481789A9830DAF8 /* Redondeado4B.png */ = {isa = PBXFileReference; lastKnownFileType = image.png; path = Redondeado4B.png; sourceTree = "<group>"; };
		F8019862DAC96E7B06499E06 /* libsqlite3.tbd */ = {isa = PBXFileReference; lastKnownFileType = "sourcecode.text-based-dylib-definition"; name = libsqlite3.tbd; path = usr/lib/libsqlite3.tbd; sourceTree = SDKROOT; };
		08F253E0D6C681081F5E38C4 /* UIViewController+CanvasFit.h */ = {isa = PBXFileReference; fileEncoding = 4; lastKnownFileType = sourcecode.c.h; path = "UIViewController+CanvasFit.h"; sourceTree = "<group>"; };
		B01E36422A7F7B67364BA965 /* UIViewController+CanvasFit.m */ = {isa = PBXFileReference; fileEncoding = 4; lastKnownFileType = sourcecode.c.objc; path = "UIViewController+CanvasFit.m"; sourceTree = "<group>"; };
/* End PBXFileReference section */

/* Begin PBXFrameworksBuildPhase section */
		3DAD44D31BDEF84B007E123A /* Frameworks */ = {
			isa = PBXFrameworksBuildPhase;
			buildActionMask = 2147483647;
			files = (
				850B7FD2454082BE95A2BA42 /* GameKit.framework in Frameworks */,
				D31B2F841223BC45BA8345E3 /* libsqlite3.tbd in Frameworks */,
			);
			runOnlyForDeploymentPostprocessing = 0;
		};
		3DAD44EC1BDEF84C007E123A /* Frameworks */ = {
			isa = PBXFrameworksBuildPhase;
			buildActionMask = 2147483647;
			files = (
			);
			runOnlyForDeploymentPostprocessing = 0;
		};
		3DAD44F71BDEF84C007E123A /* Frameworks */ = {
			isa = PBXFrameworksBuildPhase;
			buildActionMask = 2147483647;
			files = (
			);
			runOnlyForDeploymentPostprocessing = 0;
		};
/* End PBXFrameworksBuildPhase section */

/* Begin PBXGroup section */
		3DAD44CD1BDEF84B007E123A = {
			isa = PBXGroup;
			children = (
				3DAD44D81BDEF84B007E123A /* CMSimulator */,
				FD103A778B425710D7F6D6F6 /* Frameworks */,
				3DAD44F21BDEF84C007E123A /* CMSimulatorTests */,
				3DAD44FD1BDEF84C007E123A /* CMSimulatorUITests */,
				3DAD44D71BDEF84B007E123A /* Products */,
			);
			sourceTree = "<group>";
		};
		3DAD44D71BDEF84B007E123A /* Products */ = {
			isa = PBXGroup;
			children = (
				3DAD44D61BDEF84B007E123A /* CMSimulator.app */,
				3DAD44EF1BDEF84C007E123A /* CMSimulatorTests.xctest */,
				3DAD44FA1BDEF84C007E123A /* CMSimulatorUITests.xctest */,
			);
			name = Products;
			sourceTree = "<group>";
		};
		3DAD44D81BDEF84B007E123A /* CMSimulator */ = {
			isa = PBXGroup;
			children = (
				3DB3C6791BDFA550005285E9 /* Clases */,
				3DAD450E1BDF1302007E123A /* Iconos */,
				3DAD44DC1BDEF84B007E123A /* AppDelegate.h */,
				3DAD44DD1BDEF84B007E123A /* AppDelegate.m */,
				3DAD44DF1BDEF84B007E123A /* ViewController.h */,
				3DAD44E01BDEF84B007E123A /* ViewController.m */,
				3DAD44E21BDEF84B007E123A /* Main.storyboard */,
				3DAD44E51BDEF84B007E123A /* Assets.xcassets */,
				3DAD44E71BDEF84B007E123A /* LaunchScreen.storyboard */,
				3DAD44EA1BDEF84B007E123A /* Info.plist */,
				E0D99A5CDC8D971A7954A584 /* PrivacyInfo.xcprivacy */,
				BBA0C1880BA7B3DBD4231B92 /* CMSimulator.entitlements */,
				3DAD44D91BDEF84B007E123A /* Supporting Files */,
			);
			path = CMSimulator;
			sourceTree = "<group>";
		};
		3DAD44D91BDEF84B007E123A /* Supporting Files */ = {
			isa = PBXGroup;
			children = (
				3DAD44DA1BDEF84B007E123A /* main.m */,
			);
			name = "Supporting Files";
			sourceTree = "<group>";
		};
		3DAD44F21BDEF84C007E123A /* CMSimulatorTests */ = {
			isa = PBXGroup;
			children = (
				3DAD44F31BDEF84C007E123A /* CMSimulatorTests.m */,
				3DAD44F51BDEF84C007E123A /* Info.plist */,
			);
			path = CMSimulatorTests;
			sourceTree = "<group>";
		};
		3DAD44FD1BDEF84C007E123A /* CMSimulatorUITests */ = {
			isa = PBXGroup;
			children = (
				3DAD44FE1BDEF84C007E123A /* CMSimulatorUITests.m */,
				3DAD45001BDEF84C007E123A /* Info.plist */,
			);
			path = CMSimulatorUITests;
			sourceTree = "<group>";
		};
		3DAD450E1BDF1302007E123A /* Iconos */ = {
			isa = PBXGroup;
			children = (
				3DB3C66F1BDF917F005285E9 /* Plus.png */,
				3DB3C6701BDF917F005285E9 /* Play.png */,
				3DB3C6711BDF917F005285E9 /* Pause.png */,
				3DB3C6721BDF917F005285E9 /* Minus.png */,
				3DB3C6731BDF917F005285E9 /* FF.png */,
				3DB3C6801BDFA5EC005285E9 /* Design.jpeg */,
				3DAD45391BDF1445007E123A /* Structure.jpeg */,
				3DAD45331BDF1423007E123A /* Risk.jpeg */,
				3DAD45291BDF13F4007E123A /* Planning.jpeg */,
				3DAD45271BDF13EC007E123A /* Quality.jpeg */,
				3DAD45251BDF13E3007E123A /* Engineering.jpeg */,
				3DAD45231BDF13C2007E123A /* Training.jpeg */,
				3DAD451D1BDF13AB007E123A /* Communications.jpeg */,
				3DAD453B1BDF15CE007E123A /* IHS.jpeg */,
				3DAD45151BDF1361007E123A /* IES.jpeg */,
				3DAD45131BDF1351007E123A /* Construction.jpeg */,
				813A4A8DD8CDC9F8985048D9 /* ConstructionMaster.png */,
				A5A4871BB1789BDD4BB276D8 /* Cost-Master.png */,
				7C725DAB59A055B11E4CDEFD /* AppIcon-Source.png */,
				931F50DA1C0259135BACA5FE /* Redondeado1C.png */,
				3236F926658B85981F86F0C6 /* Redondeado2.png */,
				EE8F64C85481789A9830DAF8 /* Redondeado4B.png */,
				65356F100205CF39FB951C5C /* RedondeadoBlanco.png */,
				0ECE7D1D04BFD4AF29C12343 /* TimeMaster.png */,
				0BB928AC3D7E9FA96BFB3139 /* GameCenter.png */,
				1A687FB91436DF7D483F2D29 /* Procurement.png */,
			);
			name = Iconos;
			sourceTree = "<group>";
		};
		3DB3C6791BDFA550005285E9 /* Clases */ = {
			isa = PBXGroup;
			children = (
				3DB3C67A1BDFA55B005285E9 /* LDProgressView.h */,
				3DB3C67B1BDFA55B005285E9 /* LDProgressView.m */,
				3DB3C67C1BDFA55B005285E9 /* UIColor+RGBValues.h */,
				3DB3C67D1BDFA55B005285E9 /* UIColor+RGBValues.m */,
					08F253E0D6C681081F5E38C4 /* UIViewController+CanvasFit.h */,
					B01E36422A7F7B67364BA965 /* UIViewController+CanvasFit.m */,
				3DB3C68D1BDFB064005285E9 /* Recurso.h */,
				3DB3C68E1BDFB064005285E9 /* Recurso.m */,
				3DB3C68F1BDFB064005285E9 /* Recurso.xib */,
				3DB3C6921BE0235B005285E9 /* Potenciadores.h */,
				3DB3C6931BE0235B005285E9 /* Potenciadores.m */,
				3DB3C6941BE0235B005285E9 /* Potenciadores.xib */,
				3DB3C6821BDFAB0D005285E9 /* SPIViewController.h */,
				3DB3C6831BDFAB0D005285E9 /* SPIViewController.m */,
				3DB3C6841BDFAB0D005285E9 /* SPIViewController.xib */,
				3DB3C6851BDFAB0D005285E9 /* SPI.h */,
				3DB3C6861BDFAB0D005285E9 /* SPI.m */,
				3D8BCDD405DB9C851FCD4C67 /* DataBase.h */,
				5299F2AB46DC935464294E69 /* GestorBD.h */,
				EDE6E31140840969AEA8556C /* Intro.h */,
				E38B1C5BF2C99CD1BA0537B0 /* Result.h */,
				335DDEB5CEF49FD4AE84CCA1 /* Scores.h */,
				398DEEB92F4A8876EFF7C6A0 /* Help.h */,
				B27F3022C7733E66932904F5 /* TiElA.h */,
				ED7DC0B1FBA1B19A08D1F5F2 /* TiElTaA.h */,
				7A2D9F73233EC89F2D33A380 /* DataBase.m */,
				75A7EB0E63A63F2955ED8F68 /* GestorBD.m */,
				126E18BD67E028FE34430984 /* Intro.m */,
				E5684A766B470EAB292CA12B /* Result.m */,
				CCAB44A7D339E759DFB50751 /* Scores.m */,
				9A8C764E7F3BDADDAB386397 /* Help.m */,
				7EB8064EFB2768826E839C2E /* TiElA.m */,
				CC3B0265C4FCFEF7A8040B50 /* TiElTaA.m */,
				05D73716E7B683A60D427D74 /* Intro.xib */,
				0EDA9357E4EA67F1BE3856CF /* Result.xib */,
				A37FF8E9D2F71A43AA772F41 /* Scores.xib */,
				9B86D8C5495DC428964F19B6 /* Help.xib */,
				7C3C1D2900B8A1FEA978738F /* TiElA.xib */,
				1137BF25EB38BBF84E06B4AB /* TiElTaA.xib */,
			);
			name = Clases;
			sourceTree = "<group>";
		};
		FD103A778B425710D7F6D6F6 /* Frameworks */ = {
			isa = PBXGroup;
			children = (
				A85B18ADFEB21E6F54482C42 /* GameKit.framework */,
				F8019862DAC96E7B06499E06 /* libsqlite3.tbd */,
			);
			name = Frameworks;
			sourceTree = "<group>";
		};
/* End PBXGroup section */

/* Begin PBXNativeTarget section */
		3DAD44D51BDEF84B007E123A /* CMSimulator */ = {
			isa = PBXNativeTarget;
			buildConfigurationList = 3DAD45031BDEF84C007E123A /* Build configuration list for PBXNativeTarget "CMSimulator" */;
			buildPhases = (
				3DAD44D21BDEF84B007E123A /* Sources */,
				3DAD44D31BDEF84B007E123A /* Frameworks */,
				3DAD44D41BDEF84B007E123A /* Resources */,
			);
			buildRules = (
			);
			dependencies = (
			);
			name = CMSimulator;
			productName = CMSimulator;
			productReference = 3DAD44D61BDEF84B007E123A /* CMSimulator.app */;
			productType = "com.apple.product-type.application";
		};
		3DAD44EE1BDEF84C007E123A /* CMSimulatorTests */ = {
			isa = PBXNativeTarget;
			buildConfigurationList = 3DAD45061BDEF84C007E123A /* Build configuration list for PBXNativeTarget "CMSimulatorTests" */;
			buildPhases = (
				3DAD44EB1BDEF84C007E123A /* Sources */,
				3DAD44EC1BDEF84C007E123A /* Frameworks */,
				3DAD44ED1BDEF84C007E123A /* Resources */,
			);
			buildRules = (
			);
			dependencies = (
				3DAD44F11BDEF84C007E123A /* PBXTargetDependency */,
			);
			name = CMSimulatorTests;
			productName = CMSimulatorTests;
			productReference = 3DAD44EF1BDEF84C007E123A /* CMSimulatorTests.xctest */;
			productType = "com.apple.product-type.bundle.unit-test";
		};
		3DAD44F91BDEF84C007E123A /* CMSimulatorUITests */ = {
			isa = PBXNativeTarget;
			buildConfigurationList = 3DAD45091BDEF84C007E123A /* Build configuration list for PBXNativeTarget "CMSimulatorUITests" */;
			buildPhases = (
				3DAD44F61BDEF84C007E123A /* Sources */,
				3DAD44F71BDEF84C007E123A /* Frameworks */,
				3DAD44F81BDEF84C007E123A /* Resources */,
			);
			buildRules = (
			);
			dependencies = (
				3DAD44FC1BDEF84C007E123A /* PBXTargetDependency */,
			);
			name = CMSimulatorUITests;
			productName = CMSimulatorUITests;
			productReference = 3DAD44FA1BDEF84C007E123A /* CMSimulatorUITests.xctest */;
			productType = "com.apple.product-type.bundle.ui-testing";
		};
/* End PBXNativeTarget section */

/* Begin PBXProject section */
		3DAD44CE1BDEF84B007E123A /* Project object */ = {
			isa = PBXProject;
			attributes = {
				LastUpgradeCheck = 0710;
				ORGANIZATIONNAME = "Enrique Galicia";
				TargetAttributes = {
					3DAD44D51BDEF84B007E123A = {
						CreatedOnToolsVersion = 7.1;
						DevelopmentTeam = M4T54FHTC9;
					};
					3DAD44EE1BDEF84C007E123A = {
						CreatedOnToolsVersion = 7.1;
						TestTargetID = 3DAD44D51BDEF84B007E123A;
					};
					3DAD44F91BDEF84C007E123A = {
						CreatedOnToolsVersion = 7.1;
						TestTargetID = 3DAD44D51BDEF84B007E123A;
					};
				};
			};
			buildConfigurationList = 3DAD44D11BDEF84B007E123A /* Build configuration list for PBXProject "CMSimulator" */;
			compatibilityVersion = "Xcode 3.2";
			developmentRegion = English;
			hasScannedForEncodings = 0;
			knownRegions = (
				English,
				en,
				Base,
			);
			mainGroup = 3DAD44CD1BDEF84B007E123A;
			productRefGroup = 3DAD44D71BDEF84B007E123A /* Products */;
			projectDirPath = "";
			projectRoot = "";
			targets = (
				3DAD44D51BDEF84B007E123A /* CMSimulator */,
				3DAD44EE1BDEF84C007E123A /* CMSimulatorTests */,
				3DAD44F91BDEF84C007E123A /* CMSimulatorUITests */,
			);
		};
/* End PBXProject section */

/* Begin PBXResourcesBuildPhase section */
		3DAD44D41BDEF84B007E123A /* Resources */ = {
			isa = PBXResourcesBuildPhase;
			buildActionMask = 2147483647;
			files = (
				3DAD45261BDF13E3007E123A /* Engineering.jpeg in Resources */,
				3DAD45141BDF1351007E123A /* Construction.jpeg in Resources */,
				3DAD453C1BDF15CE007E123A /* IHS.jpeg in Resources */,
				3DB3C6781BDF917F005285E9 /* FF.png in Resources */,
				3DB3C6911BDFB064005285E9 /* Recurso.xib in Resources */,
				3DAD44E91BDEF84B007E123A /* LaunchScreen.storyboard in Resources */,
				3DAD45341BDF1423007E123A /* Risk.jpeg in Resources */,
				3DB3C6811BDFA5EC005285E9 /* Design.jpeg in Resources */,
				3DAD44E61BDEF84B007E123A /* Assets.xcassets in Resources */,
				2F1497E13AECBA02B6EF5175 /* PrivacyInfo.xcprivacy in Resources */,
				3DB3C6961BE0235B005285E9 /* Potenciadores.xib in Resources */,
				3DB3C6771BDF917F005285E9 /* Minus.png in Resources */,
				3DAD452A1BDF13F4007E123A /* Planning.jpeg in Resources */,
				3DAD45161BDF1361007E123A /* IES.jpeg in Resources */,
				3DB3C6751BDF917F005285E9 /* Play.png in Resources */,
				3DAD45241BDF13C2007E123A /* Training.jpeg in Resources */,
				3DAD45281BDF13EC007E123A /* Quality.jpeg in Resources */,
				3DAD453A1BDF1445007E123A /* Structure.jpeg in Resources */,
				3DAD451E1BDF13AB007E123A /* Communications.jpeg in Resources */,
				3DB3C6761BDF917F005285E9 /* Pause.png in Resources */,
				3DB3C6741BDF917F005285E9 /* Plus.png in Resources */,
				3DAD44E41BDEF84B007E123A /* Main.storyboard in Resources */,
				3DB3C6881BDFAB0D005285E9 /* SPIViewController.xib in Resources */,
				C8BBE9125A73FDDD21980379 /* Intro.xib in Resources */,
				0AA3CA073B98D5ED579114BB /* Result.xib in Resources */,
				976E30F986BE1C6D717552D3 /* Scores.xib in Resources */,
				80E7CEA978BD5635A1656E93 /* Help.xib in Resources */,
				1F9597AB3077AC70CDF89157 /* TiElA.xib in Resources */,
				BF49A90C4B6FB2C3551C16EF /* TiElTaA.xib in Resources */,
				DF3BA032C53C0C155B2B8ED1 /* ConstructionMaster.png in Resources */,
				5F04F7A1B88C330A24A22115 /* Cost-Master.png in Resources */,
				59B7FBA6BE2A5ED50C093190 /* AppIcon-Source.png in Resources */,
				5713F0CADCB4704E0C5F2E19 /* Redondeado1C.png in Resources */,
				1DE27E8690AE20319DA569B8 /* Redondeado2.png in Resources */,
				C0688DF128B21F84212E0AD0 /* Redondeado4B.png in Resources */,
				74B6864D969D2EF81D31E3DB /* RedondeadoBlanco.png in Resources */,
				5296402BB3AF937C169EC808 /* TimeMaster.png in Resources */,
				DB8E78EFF60D0D11C292EBD7 /* GameCenter.png in Resources */,
				7ED11F509101CB407B5B78A0 /* Procurement.png in Resources */,
			);
			runOnlyForDeploymentPostprocessing = 0;
		};
		3DAD44ED1BDEF84C007E123A /* Resources */ = {
			isa = PBXResourcesBuildPhase;
			buildActionMask = 2147483647;
			files = (
			);
			runOnlyForDeploymentPostprocessing = 0;
		};
		3DAD44F81BDEF84C007E123A /* Resources */ = {
			isa = PBXResourcesBuildPhase;
			buildActionMask = 2147483647;
			files = (
			);
			runOnlyForDeploymentPostprocessing = 0;
		};
/* End PBXResourcesBuildPhase section */

/* Begin PBXSourcesBuildPhase section */
		3DAD44D21BDEF84B007E123A /* Sources */ = {
			isa = PBXSourcesBuildPhase;
			buildActionMask = 2147483647;
			files = (
				3DB3C67F1BDFA55B005285E9 /* UIColor+RGBValues.m in Sources */,
				4E4D29EFA4503F1BBE6F78E9 /* UIViewController+CanvasFit.m in Sources */,
				3DB3C6871BDFAB0D005285E9 /* SPIViewController.m in Sources */,
				3DAD44E11BDEF84B007E123A /* ViewController.m in Sources */,
				3DB3C6891BDFAB0D005285E9 /* SPI.m in Sources */,
				3DAD44DE1BDEF84B007E123A /* AppDelegate.m in Sources */,
				3DB3C6951BE0235B005285E9 /* Potenciadores.m in Sources */,
				3DAD44DB1BDEF84B007E123A /* main.m in Sources */,
				3DB3C67E1BDFA55B005285E9 /* LDProgressView.m in Sources */,
				3DB3C6901BDFB064005285E9 /* Recurso.m in Sources */,
				2C0B9A86AB3E01C3FE9C87EB /* DataBase.m in Sources */,
				D7641D4A05703DF857B5CFF8 /* GestorBD.m in Sources */,
				AFE5C9CD01B4D8207CD6E177 /* Intro.m in Sources */,
				B9C07574510B4FEFC8506104 /* Result.m in Sources */,
				B5E58C55E0C0303828EA7BF2 /* Scores.m in Sources */,
				87B7DA56B380AEF65B56C5C3 /* Help.m in Sources */,
				AEF08FE02A965FD1B714C5C0 /* TiElA.m in Sources */,
				963286031C141B87838A4DF8 /* TiElTaA.m in Sources */,
			);
			runOnlyForDeploymentPostprocessing = 0;
		};
		3DAD44EB1BDEF84C007E123A /* Sources */ = {
			isa = PBXSourcesBuildPhase;
			buildActionMask = 2147483647;
			files = (
				3DAD44F41BDEF84C007E123A /* CMSimulatorTests.m in Sources */,
			);
			runOnlyForDeploymentPostprocessing = 0;
		};
		3DAD44F61BDEF84C007E123A /* Sources */ = {
			isa = PBXSourcesBuildPhase;
			buildActionMask = 2147483647;
			files = (
				3DAD44FF1BDEF84C007E123A /* CMSimulatorUITests.m in Sources */,
			);
			runOnlyForDeploymentPostprocessing = 0;
		};
/* End PBXSourcesBuildPhase section */

/* Begin PBXTargetDependency section */
		3DAD44F11BDEF84C007E123A /* PBXTargetDependency */ = {
			isa = PBXTargetDependency;
			target = 3DAD44D51BDEF84B007E123A /* CMSimulator */;
			targetProxy = 3DAD44F01BDEF84C007E123A /* PBXContainerItemProxy */;
		};
		3DAD44FC1BDEF84C007E123A /* PBXTargetDependency */ = {
			isa = PBXTargetDependency;
			target = 3DAD44D51BDEF84B007E123A /* CMSimulator */;
			targetProxy = 3DAD44FB1BDEF84C007E123A /* PBXContainerItemProxy */;
		};
/* End PBXTargetDependency section */

/* Begin PBXVariantGroup section */
		3DAD44E21BDEF84B007E123A /* Main.storyboard */ = {
			isa = PBXVariantGroup;
			children = (
				3DAD44E31BDEF84B007E123A /* Base */,
			);
			name = Main.storyboard;
			sourceTree = "<group>";
		};
		3DAD44E71BDEF84B007E123A /* LaunchScreen.storyboard */ = {
			isa = PBXVariantGroup;
			children = (
				3DAD44E81BDEF84B007E123A /* Base */,
			);
			name = LaunchScreen.storyboard;
			sourceTree = "<group>";
		};
/* End PBXVariantGroup section */

/* Begin XCBuildConfiguration section */
		3DAD45011BDEF84C007E123A /* Debug */ = {
			isa = XCBuildConfiguration;
			buildSettings = {
				ALWAYS_SEARCH_USER_PATHS = NO;
				CLANG_CXX_LANGUAGE_STANDARD = "gnu++0x";
				CLANG_CXX_LIBRARY = "libc++";
				CLANG_ENABLE_MODULES = YES;
				CLANG_ENABLE_OBJC_ARC = YES;
				CLANG_WARN_BOOL_CONVERSION = YES;
				CLANG_WARN_CONSTANT_CONVERSION = YES;
				CLANG_WARN_DIRECT_OBJC_ISA_USAGE = YES_ERROR;
				CLANG_WARN_EMPTY_BODY = YES;
				CLANG_WARN_ENUM_CONVERSION = YES;
				CLANG_WARN_INT_CONVERSION = YES;
				CLANG_WARN_OBJC_ROOT_CLASS = YES_ERROR;
				CLANG_WARN_UNREACHABLE_CODE = YES;
				CLANG_WARN__DUPLICATE_METHOD_MATCH = YES;
				"CODE_SIGN_IDENTITY[sdk=iphoneos*]" = "iPhone Developer";
				COPY_PHASE_STRIP = NO;
				DEBUG_INFORMATION_FORMAT = dwarf;
				ENABLE_STRICT_OBJC_MSGSEND = YES;
				ENABLE_TESTABILITY = YES;
				GCC_C_LANGUAGE_STANDARD = gnu99;
				GCC_DYNAMIC_NO_PIC = NO;
				GCC_NO_COMMON_BLOCKS = YES;
				GCC_OPTIMIZATION_LEVEL = 0;
				GCC_PREPROCESSOR_DEFINITIONS = (
					"DEBUG=1",
					"$(inherited)",
				);
				GCC_WARN_64_TO_32_BIT_CONVERSION = YES;
				GCC_WARN_ABOUT_RETURN_TYPE = YES_ERROR;
				GCC_WARN_UNDECLARED_SELECTOR = YES;
				GCC_WARN_UNINITIALIZED_AUTOS = YES_AGGRESSIVE;
				GCC_WARN_UNUSED_FUNCTION = YES;
				GCC_WARN_UNUSED_VARIABLE = YES;
				IPHONEOS_DEPLOYMENT_TARGET = 15.0;
				MTL_ENABLE_DEBUG_INFO = YES;
				ONLY_ACTIVE_ARCH = YES;
				SDKROOT = iphoneos;
				TARGETED_DEVICE_FAMILY = "1,2";
			};
			name = Debug;
		};
		3DAD45021BDEF84C007E123A /* Release */ = {
			isa = XCBuildConfiguration;
			buildSettings = {
				ALWAYS_SEARCH_USER_PATHS = NO;
				CLANG_CXX_LANGUAGE_STANDARD = "gnu++0x";
				CLANG_CXX_LIBRARY = "libc++";
				CLANG_ENABLE_MODULES = YES;
				CLANG_ENABLE_OBJC_ARC = YES;
				CLANG_WARN_BOOL_CONVERSION = YES;
				CLANG_WARN_CONSTANT_CONVERSION = YES;
				CLANG_WARN_DIRECT_OBJC_ISA_USAGE = YES_ERROR;
				CLANG_WARN_EMPTY_BODY = YES;
				CLANG_WARN_ENUM_CONVERSION = YES;
				CLANG_WARN_INT_CONVERSION = YES;
				CLANG_WARN_OBJC_ROOT_CLASS = YES_ERROR;
				CLANG_WARN_UNREACHABLE_CODE = YES;
				CLANG_WARN__DUPLICATE_METHOD_MATCH = YES;
				"CODE_SIGN_IDENTITY[sdk=iphoneos*]" = "iPhone Developer";
				COPY_PHASE_STRIP = NO;
				DEBUG_INFORMATION_FORMAT = "dwarf-with-dsym";
				ENABLE_NS_ASSERTIONS = NO;
				ENABLE_STRICT_OBJC_MSGSEND = YES;
				GCC_C_LANGUAGE_STANDARD = gnu99;
				GCC_NO_COMMON_BLOCKS = YES;
				GCC_WARN_64_TO_32_BIT_CONVERSION = YES;
				GCC_WARN_ABOUT_RETURN_TYPE = YES_ERROR;
				GCC_WARN_UNDECLARED_SELECTOR = YES;
				GCC_WARN_UNINITIALIZED_AUTOS = YES_AGGRESSIVE;
				GCC_WARN_UNUSED_FUNCTION = YES;
				GCC_WARN_UNUSED_VARIABLE = YES;
				IPHONEOS_DEPLOYMENT_TARGET = 15.0;
				MTL_ENABLE_DEBUG_INFO = NO;
				SDKROOT = iphoneos;
				TARGETED_DEVICE_FAMILY = "1,2";
				VALIDATE_PRODUCT = YES;
			};
			name = Release;
		};
		3DAD45041BDEF84C007E123A /* Debug */ = {
			isa = XCBuildConfiguration;
			buildSettings = {
				ASSETCATALOG_COMPILER_APPICON_NAME = AppIcon;
				CODE_SIGN_ENTITLEMENTS = CMSimulator/CMSimulator.entitlements;
				DEVELOPMENT_TEAM = M4T54FHTC9;
				INFOPLIST_FILE = CMSimulator/Info.plist;
				IPHONEOS_DEPLOYMENT_TARGET = 15.0;
				LD_RUNPATH_SEARCH_PATHS = "$(inherited) @executable_path/Frameworks";
				PRODUCT_BUNDLE_IDENTIFIER = com.magarchitecture.CMSimulator;
				PRODUCT_NAME = "$(TARGET_NAME)";
			};
			name = Debug;
		};
		3DAD45051BDEF84C007E123A /* Release */ = {
			isa = XCBuildConfiguration;
			buildSettings = {
				ASSETCATALOG_COMPILER_APPICON_NAME = AppIcon;
				CODE_SIGN_ENTITLEMENTS = CMSimulator/CMSimulator.entitlements;
				DEVELOPMENT_TEAM = M4T54FHTC9;
				INFOPLIST_FILE = CMSimulator/Info.plist;
				IPHONEOS_DEPLOYMENT_TARGET = 15.0;
				LD_RUNPATH_SEARCH_PATHS = "$(inherited) @executable_path/Frameworks";
				PRODUCT_BUNDLE_IDENTIFIER = com.magarchitecture.CMSimulator;
				PRODUCT_NAME = "$(TARGET_NAME)";
			};
			name = Release;
		};
		3DAD45071BDEF84C007E123A /* Debug */ = {
			isa = XCBuildConfiguration;
			buildSettings = {
				BUNDLE_LOADER = "$(TEST_HOST)";
				INFOPLIST_FILE = CMSimulatorTests/Info.plist;
				LD_RUNPATH_SEARCH_PATHS = "$(inherited) @executable_path/Frameworks @loader_path/Frameworks";
				PRODUCT_BUNDLE_IDENTIFIER = com.magarchitecture.CMSimulatorTests;
				PRODUCT_NAME = "$(TARGET_NAME)";
				TEST_HOST = "$(BUILT_PRODUCTS_DIR)/CMSimulator.app/CMSimulator";
			};
			name = Debug;
		};
		3DAD45081BDEF84C007E123A /* Release */ = {
			isa = XCBuildConfiguration;
			buildSettings = {
				BUNDLE_LOADER = "$(TEST_HOST)";
				INFOPLIST_FILE = CMSimulatorTests/Info.plist;
				LD_RUNPATH_SEARCH_PATHS = "$(inherited) @executable_path/Frameworks @loader_path/Frameworks";
				PRODUCT_BUNDLE_IDENTIFIER = com.magarchitecture.CMSimulatorTests;
				PRODUCT_NAME = "$(TARGET_NAME)";
				TEST_HOST = "$(BUILT_PRODUCTS_DIR)/CMSimulator.app/CMSimulator";
			};
			name = Release;
		};
		3DAD450A1BDEF84C007E123A /* Debug */ = {
			isa = XCBuildConfiguration;
			buildSettings = {
				INFOPLIST_FILE = CMSimulatorUITests/Info.plist;
				LD_RUNPATH_SEARCH_PATHS = "$(inherited) @executable_path/Frameworks @loader_path/Frameworks";
				PRODUCT_BUNDLE_IDENTIFIER = com.magarchitecture.CMSimulatorUITests;
				PRODUCT_NAME = "$(TARGET_NAME)";
				TEST_TARGET_NAME = CMSimulator;
				USES_XCTRUNNER = YES;
			};
			name = Debug;
		};
		3DAD450B1BDEF84C007E123A /* Release */ = {
			isa = XCBuildConfiguration;
			buildSettings = {
				INFOPLIST_FILE = CMSimulatorUITests/Info.plist;
				LD_RUNPATH_SEARCH_PATHS = "$(inherited) @executable_path/Frameworks @loader_path/Frameworks";
				PRODUCT_BUNDLE_IDENTIFIER = com.magarchitecture.CMSimulatorUITests;
				PRODUCT_NAME = "$(TARGET_NAME)";
				TEST_TARGET_NAME = CMSimulator;
				USES_XCTRUNNER = YES;
			};
			name = Release;
		};
/* End XCBuildConfiguration section */

/* Begin XCConfigurationList section */
		3DAD44D11BDEF84B007E123A /* Build configuration list for PBXProject "CMSimulator" */ = {
			isa = XCConfigurationList;
			buildConfigurations = (
				3DAD45011BDEF84C007E123A /* Debug */,
				3DAD45021BDEF84C007E123A /* Release */,
			);
			defaultConfigurationIsVisible = 0;
			defaultConfigurationName = Release;
		};
		3DAD45031BDEF84C007E123A /* Build configuration list for PBXNativeTarget "CMSimulator" */ = {
			isa = XCConfigurationList;
			buildConfigurations = (
				3DAD45041BDEF84C007E123A /* Debug */,
				3DAD45051BDEF84C007E123A /* Release */,
			);
			defaultConfigurationIsVisible = 0;
			defaultConfigurationName = Release;
		};
		3DAD45061BDEF84C007E123A /* Build configuration list for PBXNativeTarget "CMSimulatorTests" */ = {
			isa = XCConfigurationList;
			buildConfigurations = (
				3DAD45071BDEF84C007E123A /* Debug */,
				3DAD45081BDEF84C007E123A /* Release */,
			);
			defaultConfigurationIsVisible = 0;
			defaultConfigurationName = Release;
		};
		3DAD45091BDEF84C007E123A /* Build configuration list for PBXNativeTarget "CMSimulatorUITests" */ = {
			isa = XCConfigurationList;
			buildConfigurations = (
				3DAD450A1BDEF84C007E123A /* Debug */,
				3DAD450B1BDEF84C007E123A /* Release */,
			);
			defaultConfigurationIsVisible = 0;
			defaultConfigurationName = Release;
		};
/* End XCConfigurationList section */
	};
	rootObject = 3DAD44CE1BDEF84B007E123A /* Project object */;
}
