// !$*UTF8*$!
{
	archiveVersion = 1;
	classes = {
	};
	objectVersion = 54;
	objects = {

/* Begin PBXBuildFile section */
		03DACFCF87AAED24DFA5805C /* AppSettings.swift in Sources */ = {isa = PBXBuildFile; fileRef = 6B64288F7D4F8CA8B5B68619 /* AppSettings.swift */; };
		08A09CA15BB30E09AA12EA04 /* RootView.swift in Sources */ = {isa = PBXBuildFile; fileRef = F1A596F4FA5261466C7BFA31 /* RootView.swift */; };
		0A05680A9CDE5BA70ADD5AAD /* SimulationEngine.swift in Sources */ = {isa = PBXBuildFile; fileRef = 378A50C23684A218625CD8C9 /* SimulationEngine.swift */; };
		1C1CA40564B99B0476535203 /* WorkPackageCardView.swift in Sources */ = {isa = PBXBuildFile; fileRef = 7DA11C4B7EA78377373139B1 /* WorkPackageCardView.swift */; };
		2F1497E13AECBA02B6EF5175 /* PrivacyInfo.xcprivacy in Resources */ = {isa = PBXBuildFile; fileRef = E0D99A5CDC8D971A7954A584 /* PrivacyInfo.xcprivacy */; };
		351B07DB8FAFC27C14CB1288 /* HelpView.swift in Sources */ = {isa = PBXBuildFile; fileRef = E02753B52D363181F36E257F /* HelpView.swift */; };
		3DAD44E61BDEF84B007E123A /* Assets.xcassets in Resources */ = {isa = PBXBuildFile; fileRef = 3DAD44E51BDEF84B007E123A /* Assets.xcassets */; };
		3DAD44E91BDEF84B007E123A /* LaunchScreen.storyboard in Resources */ = {isa = PBXBuildFile; fileRef = 3DAD44E71BDEF84B007E123A /* LaunchScreen.storyboard */; };
		3DAD44F41BDEF84C007E123A /* CMSimulatorTests.swift in Sources */ = {isa = PBXBuildFile; fileRef = 3DAD44F31BDEF84C007E123A /* CMSimulatorTests.swift */; };
		3DAD44FF1BDEF84C007E123A /* CMSimulatorUITests.m in Sources */ = {isa = PBXBuildFile; fileRef = 3DAD44FE1BDEF84C007E123A /* CMSimulatorUITests.m */; };
		3DAD45141BDF1351007E123A /* Construction.png in Resources */ = {isa = PBXBuildFile; fileRef = 3DAD45131BDF1351007E123A /* Construction.png */; };
		3DAD45161BDF1361007E123A /* IES.png in Resources */ = {isa = PBXBuildFile; fileRef = 3DAD45151BDF1361007E123A /* IES.png */; };
		3DAD451E1BDF13AB007E123A /* Communications.png in Resources */ = {isa = PBXBuildFile; fileRef = 3DAD451D1BDF13AB007E123A /* Communications.png */; };
		3DAD45241BDF13C2007E123A /* Training.png in Resources */ = {isa = PBXBuildFile; fileRef = 3DAD45231BDF13C2007E123A /* Training.png */; };
		3DAD45261BDF13E3007E123A /* Engineering.png in Resources */ = {isa = PBXBuildFile; fileRef = 3DAD45251BDF13E3007E123A /* Engineering.png */; };
		3DAD45281BDF13EC007E123A /* Quality.png in Resources */ = {isa = PBXBuildFile; fileRef = 3DAD45271BDF13EC007E123A /* Quality.png */; };
		3DAD452A1BDF13F4007E123A /* Planning.png in Resources */ = {isa = PBXBuildFile; fileRef = 3DAD45291BDF13F4007E123A /* Planning.png */; };
		3DAD45341BDF1423007E123A /* Risk.png in Resources */ = {isa = PBXBuildFile; fileRef = 3DAD45331BDF1423007E123A /* Risk.png */; };
		3DAD453A1BDF1445007E123A /* Structure.png in Resources */ = {isa = PBXBuildFile; fileRef = 3DAD45391BDF1445007E123A /* Structure.png */; };
		3DAD453C1BDF15CE007E123A /* IHS.png in Resources */ = {isa = PBXBuildFile; fileRef = 3DAD453B1BDF15CE007E123A /* IHS.png */; };
		3DB3C6811BDFA5EC005285E9 /* Design.png in Resources */ = {isa = PBXBuildFile; fileRef = 3DB3C6801BDFA5EC005285E9 /* Design.png */; };
		552F19E5DD8CCC998A1FF15F /* GameView.swift in Sources */ = {isa = PBXBuildFile; fileRef = 61EE31E6C5EE05E2DFD6913C /* GameView.swift */; };
		599BAACFCF84494BDFEF4334 /* BundleImage.swift in Sources */ = {isa = PBXBuildFile; fileRef = E5DCDEAB0903EFA5C19B4DB6 /* BundleImage.swift */; };
		6EC91AC1B4F4DDFA56C18F78 /* SimEvent.swift in Sources */ = {isa = PBXBuildFile; fileRef = 9828AEFBC846F66C0876C730 /* SimEvent.swift */; };
		7ED11F509101CB407B5B78A0 /* Procurement.png in Resources */ = {isa = PBXBuildFile; fileRef = 1A687FB91436DF7D483F2D29 /* Procurement.png */; };
		850B7FD2454082BE95A2BA42 /* GameKit.framework in Frameworks */ = {isa = PBXBuildFile; fileRef = A85B18ADFEB21E6F54482C42 /* GameKit.framework */; };
		8E4C2EC0C5B8B2A3E7930CA2 /* WorkPackage.swift in Sources */ = {isa = PBXBuildFile; fileRef = 5FC1E3D47680310511107479 /* WorkPackage.swift */; };
		9675C555B0B52E3979456995 /* GameCenterManager.swift in Sources */ = {isa = PBXBuildFile; fileRef = 00A9D8F37A1831C1DC972A12 /* GameCenterManager.swift */; };
		A1A097645B27F493EE42E5E3 /* ScoreEntry.swift in Sources */ = {isa = PBXBuildFile; fileRef = 9DA91F548631C0FBDFC1577F /* ScoreEntry.swift */; };
		AD15FC921304BF858F6FEA6B /* ResultView.swift in Sources */ = {isa = PBXBuildFile; fileRef = FAC2B7CC758D040FA71E526A /* ResultView.swift */; };
		D0686BEDACC10D7CDCC19634 /* ScoresView.swift in Sources */ = {isa = PBXBuildFile; fileRef = FE196F477B0F3638FA696F86 /* ScoresView.swift */; };
		D0C4E7FE5ABE48F1A1588F0A /* CandidatePickerView.swift in Sources */ = {isa = PBXBuildFile; fileRef = 59E872E257ED4D3C9F28E00B /* CandidatePickerView.swift */; };
		EC1A1B4E8CEE4B5092978CAC /* Localizable.xcstrings in Resources */ = {isa = PBXBuildFile; fileRef = 790985F08AA449E7A53C869F /* Localizable.xcstrings */; };
		F390C3FC1E45F2F61C01A68F /* SettingsView.swift in Sources */ = {isa = PBXBuildFile; fileRef = 5EB3C786E8B5BBC3589D34FF /* SettingsView.swift */; };
		F42A3EB509C0569B2A51ED5B /* GaugeView.swift in Sources */ = {isa = PBXBuildFile; fileRef = EF7C681BEDD96BE3C0D781AB /* GaugeView.swift */; };
		F43AC009259945DEF732AC36 /* Sources/CMSimulatorApp.swift in Sources */ = {isa = PBXBuildFile; fileRef = 052DDA642C987036C1646E29 /* Sources/CMSimulatorApp.swift */; };
		C01548353C07455C9ECF3BB8 /* Worker.swift in Sources */ = {isa = PBXBuildFile; fileRef = 6E8495D0F8C84AD6A0B177A3 /* Worker.swift */; };
		0A8D1583ABDE441D91AA4CA5 /* Ledger.swift in Sources */ = {isa = PBXBuildFile; fileRef = 193D6E08585A49D181A2DF3F /* Ledger.swift */; };
		7FC5098CA9A9408AB04C1327 /* ProjectBrief.swift in Sources */ = {isa = PBXBuildFile; fileRef = 11E33BBA18764F1FB08982BF /* ProjectBrief.swift */; };
		6F7CF5FAC61F4987B60139D2 /* MaterialMarket.swift in Sources */ = {isa = PBXBuildFile; fileRef = 8348C466FFF14A8F88194A16 /* MaterialMarket.swift */; };
		35DB0550933E417FAC9B84D8 /* Capability.swift in Sources */ = {isa = PBXBuildFile; fileRef = 6BEF3E0A751A4DB485C9FD6D /* Capability.swift */; };
		8D74B677F5EE4F46808C84AC /* MaterialOrderView.swift in Sources */ = {isa = PBXBuildFile; fileRef = 17B3C79377994FF4B1D147DD /* MaterialOrderView.swift */; };
		3168BF3C587048B5AB23527D /* CapabilityCardView.swift in Sources */ = {isa = PBXBuildFile; fileRef = 1C340D762136475D842DBB7F /* CapabilityCardView.swift */; };
		C8868EB3B6374C95A5A0E822 /* CrewView.swift in Sources */ = {isa = PBXBuildFile; fileRef = DFA57C569A674C7CA2021749 /* CrewView.swift */; };
		291B940079D94C5DA1B33F09 /* RiskPortfolioView.swift in Sources */ = {isa = PBXBuildFile; fileRef = 101416A002AC478895FC7B8C /* RiskPortfolioView.swift */; };
/* End PBXBuildFile section */

/* Begin PBXContainerItemProxy section */
		3DAD44F01BDEF84C007E123A /* PBXContainerItemProxy */ = {
			isa = PBXContainerItemProxy;
			containerPortal = 3DAD44CE1BDEF84B007E123A /* Project object */;
			proxyType = 1;
			remoteGlobalIDString = 3DAD44D51BDEF84B007E123A;
			remoteInfo = CMSimulator;
		};
		3DAD44FB1BDEF84C007E123A /* PBXContainerItemProxy */ = {
			isa = PBXContainerItemProxy;
			containerPortal = 3DAD44CE1BDEF84B007E123A /* Project object */;
			proxyType = 1;
			remoteGlobalIDString = 3DAD44D51BDEF84B007E123A;
			remoteInfo = CMSimulator;
		};
/* End PBXContainerItemProxy section */

/* Begin PBXFileReference section */
		00A9D8F37A1831C1DC972A12 /* GameCenterManager.swift */ = {isa = PBXFileReference; lastKnownFileType = sourcecode.swift; path = GameCenterManager.swift; sourceTree = "<group>"; };
		052DDA642C987036C1646E29 /* Sources/CMSimulatorApp.swift */ = {isa = PBXFileReference; lastKnownFileType = sourcecode.swift; path = Sources/CMSimulatorApp.swift; sourceTree = "<group>"; };
		1A687FB91436DF7D483F2D29 /* Procurement.png */ = {isa = PBXFileReference; lastKnownFileType = image.png; path = Procurement.png; sourceTree = "<group>"; };
		378A50C23684A218625CD8C9 /* SimulationEngine.swift */ = {isa = PBXFileReference; lastKnownFileType = sourcecode.swift; path = SimulationEngine.swift; sourceTree = "<group>"; };
		3DAD44D61BDEF84B007E123A /* CriticalPathSim.app */ = {isa = PBXFileReference; explicitFileType = wrapper.application; includeInIndex = 0; path = CriticalPathSim.app; sourceTree = BUILT_PRODUCTS_DIR; };
		3DAD44E51BDEF84B007E123A /* Assets.xcassets */ = {isa = PBXFileReference; lastKnownFileType = folder.assetcatalog; path = Assets.xcassets; sourceTree = "<group>"; };
		3DAD44E81BDEF84B007E123A /* Base */ = {isa = PBXFileReference; lastKnownFileType = file.storyboard; name = Base; path = Base.lproj/LaunchScreen.storyboard; sourceTree = "<group>"; };
		3DAD44EA1BDEF84B007E123A /* Info.plist */ = {isa = PBXFileReference; lastKnownFileType = text.plist.xml; path = Info.plist; sourceTree = "<group>"; };
		3DAD44EF1BDEF84C007E123A /* CMSimulatorTests.xctest */ = {isa = PBXFileReference; explicitFileType = wrapper.cfbundle; includeInIndex = 0; path = CMSimulatorTests.xctest; sourceTree = BUILT_PRODUCTS_DIR; };
		3DAD44F31BDEF84C007E123A /* CMSimulatorTests.swift */ = {isa = PBXFileReference; lastKnownFileType = sourcecode.swift; path = CMSimulatorTests.swift; sourceTree = "<group>"; };
		3DAD44F51BDEF84C007E123A /* Info.plist */ = {isa = PBXFileReference; lastKnownFileType = text.plist.xml; path = Info.plist; sourceTree = "<group>"; };
		3DAD44FA1BDEF84C007E123A /* CMSimulatorUITests.xctest */ = {isa = PBXFileReference; explicitFileType = wrapper.cfbundle; includeInIndex = 0; path = CMSimulatorUITests.xctest; sourceTree = BUILT_PRODUCTS_DIR; };
		3DAD44FE1BDEF84C007E123A /* CMSimulatorUITests.m */ = {isa = PBXFileReference; lastKnownFileType = sourcecode.c.objc; path = CMSimulatorUITests.m; sourceTree = "<group>"; };
		3DAD45001BDEF84C007E123A /* Info.plist */ = {isa = PBXFileReference; lastKnownFileType = text.plist.xml; path = Info.plist; sourceTree = "<group>"; };
		3DAD45131BDF1351007E123A /* Construction.png */ = {isa = PBXFileReference; lastKnownFileType = image.png; path = Construction.png; sourceTree = "<group>"; };
		3DAD45151BDF1361007E123A /* IES.png */ = {isa = PBXFileReference; lastKnownFileType = image.png; path = IES.png; sourceTree = "<group>"; };
		3DAD451D1BDF13AB007E123A /* Communications.png */ = {isa = PBXFileReference; lastKnownFileType = image.png; path = Communications.png; sourceTree = "<group>"; };
		3DAD45231BDF13C2007E123A /* Training.png */ = {isa = PBXFileReference; lastKnownFileType = image.png; path = Training.png; sourceTree = "<group>"; };
		3DAD45251BDF13E3007E123A /* Engineering.png */ = {isa = PBXFileReference; lastKnownFileType = image.png; path = Engineering.png; sourceTree = "<group>"; };
		3DAD45271BDF13EC007E123A /* Quality.png */ = {isa = PBXFileReference; lastKnownFileType = image.png; path = Quality.png; sourceTree = "<group>"; };
		3DAD45291BDF13F4007E123A /* Planning.png */ = {isa = PBXFileReference; lastKnownFileType = image.png; path = Planning.png; sourceTree = "<group>"; };
		3DAD45331BDF1423007E123A /* Risk.png */ = {isa = PBXFileReference; lastKnownFileType = image.png; path = Risk.png; sourceTree = "<group>"; };
		3DAD45391BDF1445007E123A /* Structure.png */ = {isa = PBXFileReference; lastKnownFileType = image.png; path = Structure.png; sourceTree = "<group>"; };
		3DAD453B1BDF15CE007E123A /* IHS.png */ = {isa = PBXFileReference; lastKnownFileType = image.png; path = IHS.png; sourceTree = "<group>"; };
		3DB3C6801BDFA5EC005285E9 /* Design.png */ = {isa = PBXFileReference; lastKnownFileType = image.png; path = Design.png; sourceTree = "<group>"; };
		59E872E257ED4D3C9F28E00B /* CandidatePickerView.swift */ = {isa = PBXFileReference; lastKnownFileType = sourcecode.swift; path = CandidatePickerView.swift; sourceTree = "<group>"; };
		5EB3C786E8B5BBC3589D34FF /* SettingsView.swift */ = {isa = PBXFileReference; lastKnownFileType = sourcecode.swift; path = SettingsView.swift; sourceTree = "<group>"; };
		5FC1E3D47680310511107479 /* WorkPackage.swift */ = {isa = PBXFileReference; lastKnownFileType = sourcecode.swift; path = WorkPackage.swift; sourceTree = "<group>"; };
		61EE31E6C5EE05E2DFD6913C /* GameView.swift */ = {isa = PBXFileReference; lastKnownFileType = sourcecode.swift; path = GameView.swift; sourceTree = "<group>"; };
		6B64288F7D4F8CA8B5B68619 /* AppSettings.swift */ = {isa = PBXFileReference; lastKnownFileType = sourcecode.swift; path = AppSettings.swift; sourceTree = "<group>"; };
		790985F08AA449E7A53C869F /* Localizable.xcstrings */ = {isa = PBXFileReference; lastKnownFileType = text.json.xcstrings; path = Localizable.xcstrings; sourceTree = "<group>"; };
		7DA11C4B7EA78377373139B1 /* WorkPackageCardView.swift */ = {isa = PBXFileReference; lastKnownFileType = sourcecode.swift; path = WorkPackageCardView.swift; sourceTree = "<group>"; };
		9828AEFBC846F66C0876C730 /* SimEvent.swift */ = {isa = PBXFileReference; lastKnownFileType = sourcecode.swift; path = SimEvent.swift; sourceTree = "<group>"; };
		9DA91F548631C0FBDFC1577F /* ScoreEntry.swift */ = {isa = PBXFileReference; lastKnownFileType = sourcecode.swift; path = ScoreEntry.swift; sourceTree = "<group>"; };
		A85B18ADFEB21E6F54482C42 /* GameKit.framework */ = {isa = PBXFileReference; lastKnownFileType = wrapper.framework; name = GameKit.framework; path = System/Library/Frameworks/GameKit.framework; sourceTree = SDKROOT; };
		BBA0C1880BA7B3DBD4231B92 /* CMSimulator.entitlements */ = {isa = PBXFileReference; lastKnownFileType = text.plist.entitlements; path = CMSimulator.entitlements; sourceTree = "<group>"; };
		E02753B52D363181F36E257F /* HelpView.swift */ = {isa = PBXFileReference; lastKnownFileType = sourcecode.swift; path = HelpView.swift; sourceTree = "<group>"; };
		E0D99A5CDC8D971A7954A584 /* PrivacyInfo.xcprivacy */ = {isa = PBXFileReference; lastKnownFileType = text; path = PrivacyInfo.xcprivacy; sourceTree = "<group>"; };
		E5DCDEAB0903EFA5C19B4DB6 /* BundleImage.swift */ = {isa = PBXFileReference; lastKnownFileType = sourcecode.swift; path = BundleImage.swift; sourceTree = "<group>"; };
		EF7C681BEDD96BE3C0D781AB /* GaugeView.swift */ = {isa = PBXFileReference; lastKnownFileType = sourcecode.swift; path = GaugeView.swift; sourceTree = "<group>"; };
		F1A596F4FA5261466C7BFA31 /* RootView.swift */ = {isa = PBXFileReference; lastKnownFileType = sourcecode.swift; path = RootView.swift; sourceTree = "<group>"; };
		FAC2B7CC758D040FA71E526A /* ResultView.swift */ = {isa = PBXFileReference; lastKnownFileType = sourcecode.swift; path = ResultView.swift; sourceTree = "<group>"; };
		FE196F477B0F3638FA696F86 /* ScoresView.swift */ = {isa = PBXFileReference; lastKnownFileType = sourcecode.swift; path = ScoresView.swift; sourceTree = "<group>"; };
		6E8495D0F8C84AD6A0B177A3 /* Worker.swift */ = {isa = PBXFileReference; lastKnownFileType = sourcecode.swift; path = Worker.swift; sourceTree = "<group>"; };
		193D6E08585A49D181A2DF3F /* Ledger.swift */ = {isa = PBXFileReference; lastKnownFileType = sourcecode.swift; path = Ledger.swift; sourceTree = "<group>"; };
		11E33BBA18764F1FB08982BF /* ProjectBrief.swift */ = {isa = PBXFileReference; lastKnownFileType = sourcecode.swift; path = ProjectBrief.swift; sourceTree = "<group>"; };
		8348C466FFF14A8F88194A16 /* MaterialMarket.swift */ = {isa = PBXFileReference; lastKnownFileType = sourcecode.swift; path = MaterialMarket.swift; sourceTree = "<group>"; };
		6BEF3E0A751A4DB485C9FD6D /* Capability.swift */ = {isa = PBXFileReference; lastKnownFileType = sourcecode.swift; path = Capability.swift; sourceTree = "<group>"; };
		17B3C79377994FF4B1D147DD /* MaterialOrderView.swift */ = {isa = PBXFileReference; lastKnownFileType = sourcecode.swift; path = MaterialOrderView.swift; sourceTree = "<group>"; };
		1C340D762136475D842DBB7F /* CapabilityCardView.swift */ = {isa = PBXFileReference; lastKnownFileType = sourcecode.swift; path = CapabilityCardView.swift; sourceTree = "<group>"; };
		DFA57C569A674C7CA2021749 /* CrewView.swift */ = {isa = PBXFileReference; lastKnownFileType = sourcecode.swift; path = CrewView.swift; sourceTree = "<group>"; };
		101416A002AC478895FC7B8C /* RiskPortfolioView.swift */ = {isa = PBXFileReference; lastKnownFileType = sourcecode.swift; path = RiskPortfolioView.swift; sourceTree = "<group>"; };
/* End PBXFileReference section */

/* Begin PBXFrameworksBuildPhase section */
		3DAD44D31BDEF84B007E123A /* Frameworks */ = {
			isa = PBXFrameworksBuildPhase;
			buildActionMask = 2147483647;
			files = (
				850B7FD2454082BE95A2BA42 /* GameKit.framework in Frameworks */,
			);
			runOnlyForDeploymentPostprocessing = 0;
		};
		3DAD44EC1BDEF84C007E123A /* Frameworks */ = {
			isa = PBXFrameworksBuildPhase;
			buildActionMask = 2147483647;
			files = (
			);
			runOnlyForDeploymentPostprocessing = 0;
		};
		3DAD44F71BDEF84C007E123A /* Frameworks */ = {
			isa = PBXFrameworksBuildPhase;
			buildActionMask = 2147483647;
			files = (
			);
			runOnlyForDeploymentPostprocessing = 0;
		};
/* End PBXFrameworksBuildPhase section */

/* Begin PBXGroup section */
		079B735383EF7E303C199B88 /* Engine */ = {
			isa = PBXGroup;
			children = (
				378A50C23684A218625CD8C9 /* SimulationEngine.swift */,
				00A9D8F37A1831C1DC972A12 /* GameCenterManager.swift */,
			);
			path = Engine;
			sourceTree = "<group>";
		};
		3DAD44CD1BDEF84B007E123A = {
			isa = PBXGroup;
			children = (
				3DAD44D81BDEF84B007E123A /* CMSimulator */,
				FD103A778B425710D7F6D6F6 /* Frameworks */,
				3DAD44F21BDEF84C007E123A /* CMSimulatorTests */,
				3DAD44FD1BDEF84C007E123A /* CMSimulatorUITests */,
				3DAD44D71BDEF84B007E123A /* Products */,
			);
			sourceTree = "<group>";
		};
		3DAD44D71BDEF84B007E123A /* Products */ = {
			isa = PBXGroup;
			children = (
				3DAD44D61BDEF84B007E123A /* CriticalPathSim.app */,
				3DAD44EF1BDEF84C007E123A /* CMSimulatorTests.xctest */,
				3DAD44FA1BDEF84C007E123A /* CMSimulatorUITests.xctest */,
			);
			name = Products;
			sourceTree = "<group>";
		};
		3DAD44D81BDEF84B007E123A /* CMSimulator */ = {
			isa = PBXGroup;
			children = (
				3DAD450E1BDF1302007E123A /* Iconos */,
				052DDA642C987036C1646E29 /* Sources/CMSimulatorApp.swift */,
				BF57485D7225CDD4F41EADAD /* Sources */,
				3DAD44E51BDEF84B007E123A /* Assets.xcassets */,
				3DAD44E71BDEF84B007E123A /* LaunchScreen.storyboard */,
				3DAD44EA1BDEF84B007E123A /* Info.plist */,
				E0D99A5CDC8D971A7954A584 /* PrivacyInfo.xcprivacy */,
				BBA0C1880BA7B3DBD4231B92 /* CMSimulator.entitlements */,
			);
			path = CMSimulator;
			sourceTree = "<group>";
		};
		3DAD44F21BDEF84C007E123A /* CMSimulatorTests */ = {
			isa = PBXGroup;
			children = (
				3DAD44F31BDEF84C007E123A /* CMSimulatorTests.swift */,
				3DAD44F51BDEF84C007E123A /* Info.plist */,
			);
			path = CMSimulatorTests;
			sourceTree = "<group>";
		};
		3DAD44FD1BDEF84C007E123A /* CMSimulatorUITests */ = {
			isa = PBXGroup;
			children = (
				3DAD44FE1BDEF84C007E123A /* CMSimulatorUITests.m */,
				3DAD45001BDEF84C007E123A /* Info.plist */,
			);
			path = CMSimulatorUITests;
			sourceTree = "<group>";
		};
		3DAD450E1BDF1302007E123A /* Iconos */ = {
			isa = PBXGroup;
			children = (
				3DB3C6801BDFA5EC005285E9 /* Design.png */,
				3DAD45391BDF1445007E123A /* Structure.png */,
				3DAD45331BDF1423007E123A /* Risk.png */,
				3DAD45291BDF13F4007E123A /* Planning.png */,
				3DAD45271BDF13EC007E123A /* Quality.png */,
				3DAD45251BDF13E3007E123A /* Engineering.png */,
				3DAD45231BDF13C2007E123A /* Training.png */,
				3DAD451D1BDF13AB007E123A /* Communications.png */,
				3DAD453B1BDF15CE007E123A /* IHS.png */,
				3DAD45151BDF1361007E123A /* IES.png */,
				3DAD45131BDF1351007E123A /* Construction.png */,
				1A687FB91436DF7D483F2D29 /* Procurement.png */,
			);
			name = Iconos;
			sourceTree = "<group>";
		};
		7390111A66E61CCFABD99438 /* Models */ = {
			isa = PBXGroup;
			children = (
				5FC1E3D47680310511107479 /* WorkPackage.swift */,
				6E8495D0F8C84AD6A0B177A3 /* Worker.swift */,
				193D6E08585A49D181A2DF3F /* Ledger.swift */,
				11E33BBA18764F1FB08982BF /* ProjectBrief.swift */,
				8348C466FFF14A8F88194A16 /* MaterialMarket.swift */,
				6BEF3E0A751A4DB485C9FD6D /* Capability.swift */,
				9DA91F548631C0FBDFC1577F /* ScoreEntry.swift */,
				6B64288F7D4F8CA8B5B68619 /* AppSettings.swift */,
				9828AEFBC846F66C0876C730 /* SimEvent.swift */,
			);
			path = Models;
			sourceTree = "<group>";
		};
		BF57485D7225CDD4F41EADAD /* Sources */ = {
			isa = PBXGroup;
			children = (
				7390111A66E61CCFABD99438 /* Models */,
				079B735383EF7E303C199B88 /* Engine */,
				E514C0E51D63448C584F9B15 /* Views */,
				790985F08AA449E7A53C869F /* Localizable.xcstrings */,
			);
			path = Sources;
			sourceTree = "<group>";
		};
		E514C0E51D63448C584F9B15 /* Views */ = {
			isa = PBXGroup;
			children = (
				E5DCDEAB0903EFA5C19B4DB6 /* BundleImage.swift */,
				EF7C681BEDD96BE3C0D781AB /* GaugeView.swift */,
				7DA11C4B7EA78377373139B1 /* WorkPackageCardView.swift */,
				61EE31E6C5EE05E2DFD6913C /* GameView.swift */,
				17B3C79377994FF4B1D147DD /* MaterialOrderView.swift */,
				1C340D762136475D842DBB7F /* CapabilityCardView.swift */,
				DFA57C569A674C7CA2021749 /* CrewView.swift */,
				101416A002AC478895FC7B8C /* RiskPortfolioView.swift */,
				FAC2B7CC758D040FA71E526A /* ResultView.swift */,
				FE196F477B0F3638FA696F86 /* ScoresView.swift */,
				E02753B52D363181F36E257F /* HelpView.swift */,
				F1A596F4FA5261466C7BFA31 /* RootView.swift */,
				5EB3C786E8B5BBC3589D34FF /* SettingsView.swift */,
				59E872E257ED4D3C9F28E00B /* CandidatePickerView.swift */,
			);
			path = Views;
			sourceTree = "<group>";
		};
		FD103A778B425710D7F6D6F6 /* Frameworks */ = {
			isa = PBXGroup;
			children = (
				A85B18ADFEB21E6F54482C42 /* GameKit.framework */,
			);
			name = Frameworks;
			sourceTree = "<group>";
		};
/* End PBXGroup section */

/* Begin PBXNativeTarget section */
		3DAD44D51BDEF84B007E123A /* CriticalPathSim */ = {
			isa = PBXNativeTarget;
			buildConfigurationList = 3DAD45031BDEF84C007E123A /* Build configuration list for PBXNativeTarget "CriticalPathSim" */;
			buildPhases = (
				3DAD44D21BDEF84B007E123A /* Sources */,
				3DAD44D31BDEF84B007E123A /* Frameworks */,
				3DAD44D41BDEF84B007E123A /* Resources */,
			);
			buildRules = (
			);
			dependencies = (
			);
			name = CriticalPathSim;
			productName = CriticalPathSim;
			productReference = 3DAD44D61BDEF84B007E123A /* CriticalPathSim.app */;
			productType = "com.apple.product-type.application";
		};
		3DAD44EE1BDEF84C007E123A /* CMSimulatorTests */ = {
			isa = PBXNativeTarget;
			buildConfigurationList = 3DAD45061BDEF84C007E123A /* Build configuration list for PBXNativeTarget "CMSimulatorTests" */;
			buildPhases = (
				3DAD44EB1BDEF84C007E123A /* Sources */,
				3DAD44EC1BDEF84C007E123A /* Frameworks */,
				3DAD44ED1BDEF84C007E123A /* Resources */,
			);
			buildRules = (
			);
			dependencies = (
				3DAD44F11BDEF84C007E123A /* PBXTargetDependency */,
			);
			name = CMSimulatorTests;
			productName = CMSimulatorTests;
			productReference = 3DAD44EF1BDEF84C007E123A /* CMSimulatorTests.xctest */;
			productType = "com.apple.product-type.bundle.unit-test";
		};
		3DAD44F91BDEF84C007E123A /* CMSimulatorUITests */ = {
			isa = PBXNativeTarget;
			buildConfigurationList = 3DAD45091BDEF84C007E123A /* Build configuration list for PBXNativeTarget "CMSimulatorUITests" */;
			buildPhases = (
				3DAD44F61BDEF84C007E123A /* Sources */,
				3DAD44F71BDEF84C007E123A /* Frameworks */,
				3DAD44F81BDEF84C007E123A /* Resources */,
			);
			buildRules = (
			);
			dependencies = (
				3DAD44FC1BDEF84C007E123A /* PBXTargetDependency */,
			);
			name = CMSimulatorUITests;
			productName = CMSimulatorUITests;
			productReference = 3DAD44FA1BDEF84C007E123A /* CMSimulatorUITests.xctest */;
			productType = "com.apple.product-type.bundle.ui-testing";
		};
/* End PBXNativeTarget section */

/* Begin PBXProject section */
		3DAD44CE1BDEF84B007E123A /* Project object */ = {
			isa = PBXProject;
			attributes = {
				BuildIndependentTargetsInParallel = YES;
				LastUpgradeCheck = 2660;
				ORGANIZATIONNAME = "Enrique Galicia";
				TargetAttributes = {
					3DAD44D51BDEF84B007E123A = {
						CreatedOnToolsVersion = 7.1;
						DevelopmentTeam = M4T54FHTC9;
					};
					3DAD44EE1BDEF84C007E123A = {
						CreatedOnToolsVersion = 7.1;
						TestTargetID = 3DAD44D51BDEF84B007E123A;
					};
					3DAD44F91BDEF84C007E123A = {
						CreatedOnToolsVersion = 7.1;
						TestTargetID = 3DAD44D51BDEF84B007E123A;
					};
				};
			};
			buildConfigurationList = 3DAD44D11BDEF84B007E123A /* Build configuration list for PBXProject "CMSimulator" */;
			compatibilityVersion = "Xcode 3.2";
			developmentRegion = English;
			hasScannedForEncodings = 0;
			knownRegions = (
				English,
				en,
				es,
				Base,
			);
			mainGroup = 3DAD44CD1BDEF84B007E123A;
			productRefGroup = 3DAD44D71BDEF84B007E123A /* Products */;
			projectDirPath = "";
			projectRoot = "";
			targets = (
				3DAD44D51BDEF84B007E123A /* CriticalPathSim */,
				3DAD44EE1BDEF84C007E123A /* CMSimulatorTests */,
				3DAD44F91BDEF84C007E123A /* CMSimulatorUITests */,
			);
		};
/* End PBXProject section */

/* Begin PBXResourcesBuildPhase section */
		3DAD44D41BDEF84B007E123A /* Resources */ = {
			isa = PBXResourcesBuildPhase;
			buildActionMask = 2147483647;
			files = (
				3DAD45261BDF13E3007E123A /* Engineering.png in Resources */,
				3DAD45141BDF1351007E123A /* Construction.png in Resources */,
				3DAD453C1BDF15CE007E123A /* IHS.png in Resources */,
				3DAD44E91BDEF84B007E123A /* LaunchScreen.storyboard in Resources */,
				3DAD45341BDF1423007E123A /* Risk.png in Resources */,
				3DB3C6811BDFA5EC005285E9 /* Design.png in Resources */,
				3DAD44E61BDEF84B007E123A /* Assets.xcassets in Resources */,
				2F1497E13AECBA02B6EF5175 /* PrivacyInfo.xcprivacy in Resources */,
				3DAD452A1BDF13F4007E123A /* Planning.png in Resources */,
				3DAD45161BDF1361007E123A /* IES.png in Resources */,
				3DAD45241BDF13C2007E123A /* Training.png in Resources */,
				3DAD45281BDF13EC007E123A /* Quality.png in Resources */,
				3DAD453A1BDF1445007E123A /* Structure.png in Resources */,
				3DAD451E1BDF13AB007E123A /* Communications.png in Resources */,
				7ED11F509101CB407B5B78A0 /* Procurement.png in Resources */,
				EC1A1B4E8CEE4B5092978CAC /* Localizable.xcstrings in Resources */,
			);
			runOnlyForDeploymentPostprocessing = 0;
		};
		3DAD44ED1BDEF84C007E123A /* Resources */ = {
			isa = PBXResourcesBuildPhase;
			buildActionMask = 2147483647;
			files = (
			);
			runOnlyForDeploymentPostprocessing = 0;
		};
		3DAD44F81BDEF84C007E123A /* Resources */ = {
			isa = PBXResourcesBuildPhase;
			buildActionMask = 2147483647;
			files = (
			);
			runOnlyForDeploymentPostprocessing = 0;
		};
/* End PBXResourcesBuildPhase section */

/* Begin PBXSourcesBuildPhase section */
		3DAD44D21BDEF84B007E123A /* Sources */ = {
			isa = PBXSourcesBuildPhase;
			buildActionMask = 2147483647;
			files = (
				6EC91AC1B4F4DDFA56C18F78 /* SimEvent.swift in Sources */,
				03DACFCF87AAED24DFA5805C /* AppSettings.swift in Sources */,
				F390C3FC1E45F2F61C01A68F /* SettingsView.swift in Sources */,
				8E4C2EC0C5B8B2A3E7930CA2 /* WorkPackage.swift in Sources */,
				A1A097645B27F493EE42E5E3 /* ScoreEntry.swift in Sources */,
				0A05680A9CDE5BA70ADD5AAD /* SimulationEngine.swift in Sources */,
				9675C555B0B52E3979456995 /* GameCenterManager.swift in Sources */,
				599BAACFCF84494BDFEF4334 /* BundleImage.swift in Sources */,
				F42A3EB509C0569B2A51ED5B /* GaugeView.swift in Sources */,
				1C1CA40564B99B0476535203 /* WorkPackageCardView.swift in Sources */,
				552F19E5DD8CCC998A1FF15F /* GameView.swift in Sources */,
				C01548353C07455C9ECF3BB8 /* Worker.swift in Sources */,
				0A8D1583ABDE441D91AA4CA5 /* Ledger.swift in Sources */,
				7FC5098CA9A9408AB04C1327 /* ProjectBrief.swift in Sources */,
				6F7CF5FAC61F4987B60139D2 /* MaterialMarket.swift in Sources */,
				35DB0550933E417FAC9B84D8 /* Capability.swift in Sources */,
				8D74B677F5EE4F46808C84AC /* MaterialOrderView.swift in Sources */,
				3168BF3C587048B5AB23527D /* CapabilityCardView.swift in Sources */,
				C8868EB3B6374C95A5A0E822 /* CrewView.swift in Sources */,
				291B940079D94C5DA1B33F09 /* RiskPortfolioView.swift in Sources */,
				AD15FC921304BF858F6FEA6B /* ResultView.swift in Sources */,
				D0686BEDACC10D7CDCC19634 /* ScoresView.swift in Sources */,
				351B07DB8FAFC27C14CB1288 /* HelpView.swift in Sources */,
				08A09CA15BB30E09AA12EA04 /* RootView.swift in Sources */,
				F43AC009259945DEF732AC36 /* Sources/CMSimulatorApp.swift in Sources */,
				D0C4E7FE5ABE48F1A1588F0A /* CandidatePickerView.swift in Sources */,
			);
			runOnlyForDeploymentPostprocessing = 0;
		};
		3DAD44EB1BDEF84C007E123A /* Sources */ = {
			isa = PBXSourcesBuildPhase;
			buildActionMask = 2147483647;
			files = (
				3DAD44F41BDEF84C007E123A /* CMSimulatorTests.swift in Sources */,
			);
			runOnlyForDeploymentPostprocessing = 0;
		};
		3DAD44F61BDEF84C007E123A /* Sources */ = {
			isa = PBXSourcesBuildPhase;
			buildActionMask = 2147483647;
			files = (
				3DAD44FF1BDEF84C007E123A /* CMSimulatorUITests.m in Sources */,
			);
			runOnlyForDeploymentPostprocessing = 0;
		};
/* End PBXSourcesBuildPhase section */

/* Begin PBXTargetDependency section */
		3DAD44F11BDEF84C007E123A /* PBXTargetDependency */ = {
			isa = PBXTargetDependency;
			target = 3DAD44D51BDEF84B007E123A /* CriticalPathSim */;
			targetProxy = 3DAD44F01BDEF84C007E123A /* PBXContainerItemProxy */;
		};
		3DAD44FC1BDEF84C007E123A /* PBXTargetDependency */ = {
			isa = PBXTargetDependency;
			target = 3DAD44D51BDEF84B007E123A /* CriticalPathSim */;
			targetProxy = 3DAD44FB1BDEF84C007E123A /* PBXContainerItemProxy */;
		};
/* End PBXTargetDependency section */

/* Begin PBXVariantGroup section */
		3DAD44E71BDEF84B007E123A /* LaunchScreen.storyboard */ = {
			isa = PBXVariantGroup;
			children = (
				3DAD44E81BDEF84B007E123A /* Base */,
			);
			name = LaunchScreen.storyboard;
			sourceTree = "<group>";
		};
/* End PBXVariantGroup section */

/* Begin XCBuildConfiguration section */
		3DAD45011BDEF84C007E123A /* Debug */ = {
			isa = XCBuildConfiguration;
			buildSettings = {
				ALWAYS_SEARCH_USER_PATHS = NO;
				CLANG_ANALYZER_LOCALIZABILITY_NONLOCALIZED = YES;
				CLANG_CXX_LANGUAGE_STANDARD = "gnu++0x";
				CLANG_CXX_LIBRARY = "libc++";
				CLANG_ENABLE_MODULES = YES;
				CLANG_ENABLE_OBJC_ARC = YES;
				CLANG_WARN_BLOCK_CAPTURE_AUTORELEASING = YES;
				CLANG_WARN_BOOL_CONVERSION = YES;
				CLANG_WARN_COMMA = YES;
				CLANG_WARN_CONSTANT_CONVERSION = YES;
				CLANG_WARN_DEPRECATED_OBJC_IMPLEMENTATIONS = YES;
				CLANG_WARN_DIRECT_OBJC_ISA_USAGE = YES_ERROR;
				CLANG_WARN_EMPTY_BODY = YES;
				CLANG_WARN_ENUM_CONVERSION = YES;
				CLANG_WARN_INFINITE_RECURSION = YES;
				CLANG_WARN_INT_CONVERSION = YES;
				CLANG_WARN_NON_LITERAL_NULL_CONVERSION = YES;
				CLANG_WARN_OBJC_IMPLICIT_RETAIN_SELF = YES;
				CLANG_WARN_OBJC_LITERAL_CONVERSION = YES;
				CLANG_WARN_OBJC_ROOT_CLASS = YES_ERROR;
				CLANG_WARN_QUOTED_INCLUDE_IN_FRAMEWORK_HEADER = YES;
				CLANG_WARN_RANGE_LOOP_ANALYSIS = YES;
				CLANG_WARN_STRICT_PROTOTYPES = YES;
				CLANG_WARN_SUSPICIOUS_MOVE = YES;
				CLANG_WARN_UNREACHABLE_CODE = YES;
				CLANG_WARN__DUPLICATE_METHOD_MATCH = YES;
				"CODE_SIGN_IDENTITY[sdk=iphoneos*]" = "iPhone Developer";
				COPY_PHASE_STRIP = NO;
				DEBUG_INFORMATION_FORMAT = dwarf;
				ENABLE_STRICT_OBJC_MSGSEND = YES;
				ENABLE_TESTABILITY = YES;
				ENABLE_USER_SCRIPT_SANDBOXING = YES;
				GCC_C_LANGUAGE_STANDARD = gnu99;
				GCC_DYNAMIC_NO_PIC = NO;
				GCC_NO_COMMON_BLOCKS = YES;
				GCC_OPTIMIZATION_LEVEL = 0;
				GCC_PREPROCESSOR_DEFINITIONS = (
					"DEBUG=1",
					"$(inherited)",
				);
				GCC_WARN_64_TO_32_BIT_CONVERSION = YES;
				GCC_WARN_ABOUT_RETURN_TYPE = YES_ERROR;
				GCC_WARN_UNDECLARED_SELECTOR = YES;
				GCC_WARN_UNINITIALIZED_AUTOS = YES_AGGRESSIVE;
				GCC_WARN_UNUSED_FUNCTION = YES;
				GCC_WARN_UNUSED_VARIABLE = YES;
				IPHONEOS_DEPLOYMENT_TARGET = 17.0;
				MTL_ENABLE_DEBUG_INFO = YES;
				ONLY_ACTIVE_ARCH = YES;
				SDKROOT = iphoneos;
				STRING_CATALOG_GENERATE_SYMBOLS = NO;
				TARGETED_DEVICE_FAMILY = "1,2";
			};
			name = Debug;
		};
		3DAD45021BDEF84C007E123A /* Release */ = {
			isa = XCBuildConfiguration;
			buildSettings = {
				ALWAYS_SEARCH_USER_PATHS = NO;
				CLANG_ANALYZER_LOCALIZABILITY_NONLOCALIZED = YES;
				CLANG_CXX_LANGUAGE_STANDARD = "gnu++0x";
				CLANG_CXX_LIBRARY = "libc++";
				CLANG_ENABLE_MODULES = YES;
				CLANG_ENABLE_OBJC_ARC = YES;
				CLANG_WARN_BLOCK_CAPTURE_AUTORELEASING = YES;
				CLANG_WARN_BOOL_CONVERSION = YES;
				CLANG_WARN_COMMA = YES;
				CLANG_WARN_CONSTANT_CONVERSION = YES;
				CLANG_WARN_DEPRECATED_OBJC_IMPLEMENTATIONS = YES;
				CLANG_WARN_DIRECT_OBJC_ISA_USAGE = YES_ERROR;
				CLANG_WARN_EMPTY_BODY = YES;
				CLANG_WARN_ENUM_CONVERSION = YES;
				CLANG_WARN_INFINITE_RECURSION = YES;
				CLANG_WARN_INT_CONVERSION = YES;
				CLANG_WARN_NON_LITERAL_NULL_CONVERSION = YES;
				CLANG_WARN_OBJC_IMPLICIT_RETAIN_SELF = YES;
				CLANG_WARN_OBJC_LITERAL_CONVERSION = YES;
				CLANG_WARN_OBJC_ROOT_CLASS = YES_ERROR;
				CLANG_WARN_QUOTED_INCLUDE_IN_FRAMEWORK_HEADER = YES;
				CLANG_WARN_RANGE_LOOP_ANALYSIS = YES;
				CLANG_WARN_STRICT_PROTOTYPES = YES;
				CLANG_WARN_SUSPICIOUS_MOVE = YES;
				CLANG_WARN_UNREACHABLE_CODE = YES;
				CLANG_WARN__DUPLICATE_METHOD_MATCH = YES;
				"CODE_SIGN_IDENTITY[sdk=iphoneos*]" = "iPhone Developer";
				COPY_PHASE_STRIP = NO;
				DEBUG_INFORMATION_FORMAT = "dwarf-with-dsym";
				ENABLE_NS_ASSERTIONS = NO;
				ENABLE_STRICT_OBJC_MSGSEND = YES;
				ENABLE_USER_SCRIPT_SANDBOXING = YES;
				GCC_C_LANGUAGE_STANDARD = gnu99;
				GCC_NO_COMMON_BLOCKS = YES;
				GCC_WARN_64_TO_32_BIT_CONVERSION = YES;
				GCC_WARN_ABOUT_RETURN_TYPE = YES_ERROR;
				GCC_WARN_UNDECLARED_SELECTOR = YES;
				GCC_WARN_UNINITIALIZED_AUTOS = YES_AGGRESSIVE;
				GCC_WARN_UNUSED_FUNCTION = YES;
				GCC_WARN_UNUSED_VARIABLE = YES;
				IPHONEOS_DEPLOYMENT_TARGET = 17.0;
				MTL_ENABLE_DEBUG_INFO = NO;
				SDKROOT = iphoneos;
				STRING_CATALOG_GENERATE_SYMBOLS = NO;
				SWIFT_COMPILATION_MODE = wholemodule;
				TARGETED_DEVICE_FAMILY = "1,2";
				VALIDATE_PRODUCT = YES;
			};
			name = Release;
		};
		3DAD45041BDEF84C007E123A /* Debug */ = {
			isa = XCBuildConfiguration;
			buildSettings = {
				ASSETCATALOG_COMPILER_APPICON_NAME = AppIcon;
				CODE_SIGN_ENTITLEMENTS = CMSimulator/CMSimulator.entitlements;
				DEVELOPMENT_TEAM = M4T54FHTC9;
				INFOPLIST_FILE = CMSimulator/Info.plist;
				IPHONEOS_DEPLOYMENT_TARGET = 17.0;
				LD_RUNPATH_SEARCH_PATHS = (
					"$(inherited)",
					"@executable_path/Frameworks",
				);
				PRODUCT_BUNDLE_IDENTIFIER = com.aguach1leLabs.CriticalPath;
				PRODUCT_NAME = "$(TARGET_NAME)";
				SWIFT_VERSION = 5.0;
			};
			name = Debug;
		};
		3DAD45051BDEF84C007E123A /* Release */ = {
			isa = XCBuildConfiguration;
			buildSettings = {
				ASSETCATALOG_COMPILER_APPICON_NAME = AppIcon;
				CODE_SIGN_ENTITLEMENTS = CMSimulator/CMSimulator.entitlements;
				DEVELOPMENT_TEAM = M4T54FHTC9;
				INFOPLIST_FILE = CMSimulator/Info.plist;
				IPHONEOS_DEPLOYMENT_TARGET = 17.0;
				LD_RUNPATH_SEARCH_PATHS = (
					"$(inherited)",
					"@executable_path/Frameworks",
				);
				PRODUCT_BUNDLE_IDENTIFIER = com.aguach1leLabs.CriticalPath;
				PRODUCT_NAME = "$(TARGET_NAME)";
				SWIFT_VERSION = 5.0;
			};
			name = Release;
		};
		3DAD45071BDEF84C007E123A /* Debug */ = {
			isa = XCBuildConfiguration;
			buildSettings = {
				BUNDLE_LOADER = "$(TEST_HOST)";
				INFOPLIST_FILE = CMSimulatorTests/Info.plist;
				LD_RUNPATH_SEARCH_PATHS = (
					"$(inherited)",
					"@executable_path/Frameworks",
					"@loader_path/Frameworks",
				);
				PRODUCT_BUNDLE_IDENTIFIER = com.aguach1leLabs.CMSimulatorTests;
				PRODUCT_NAME = "$(TARGET_NAME)";
				SWIFT_VERSION = 5.0;
				TEST_HOST = "$(BUILT_PRODUCTS_DIR)/CriticalPathSim.app/CriticalPathSim";
			};
			name = Debug;
		};
		3DAD45081BDEF84C007E123A /* Release */ = {
			isa = XCBuildConfiguration;
			buildSettings = {
				BUNDLE_LOADER = "$(TEST_HOST)";
				INFOPLIST_FILE = CMSimulatorTests/Info.plist;
				LD_RUNPATH_SEARCH_PATHS = (
					"$(inherited)",
					"@executable_path/Frameworks",
					"@loader_path/Frameworks",
				);
				PRODUCT_BUNDLE_IDENTIFIER = com.aguach1leLabs.CMSimulatorTests;
				PRODUCT_NAME = "$(TARGET_NAME)";
				SWIFT_VERSION = 5.0;
				TEST_HOST = "$(BUILT_PRODUCTS_DIR)/CriticalPathSim.app/CriticalPathSim";
			};
			name = Release;
		};
		3DAD450A1BDEF84C007E123A /* Debug */ = {
			isa = XCBuildConfiguration;
			buildSettings = {
				INFOPLIST_FILE = CMSimulatorUITests/Info.plist;
				LD_RUNPATH_SEARCH_PATHS = (
					"$(inherited)",
					"@executable_path/Frameworks",
					"@loader_path/Frameworks",
				);
				PRODUCT_BUNDLE_IDENTIFIER = com.aguach1leLabs.CMSimulatorUITests;
				PRODUCT_NAME = "$(TARGET_NAME)";
				TEST_TARGET_NAME = CMSimulator;
				USES_XCTRUNNER = YES;
			};
			name = Debug;
		};
		3DAD450B1BDEF84C007E123A /* Release */ = {
			isa = XCBuildConfiguration;
			buildSettings = {
				INFOPLIST_FILE = CMSimulatorUITests/Info.plist;
				LD_RUNPATH_SEARCH_PATHS = (
					"$(inherited)",
					"@executable_path/Frameworks",
					"@loader_path/Frameworks",
				);
				PRODUCT_BUNDLE_IDENTIFIER = com.aguach1leLabs.CMSimulatorUITests;
				PRODUCT_NAME = "$(TARGET_NAME)";
				TEST_TARGET_NAME = CMSimulator;
				USES_XCTRUNNER = YES;
			};
			name = Release;
		};
/* End XCBuildConfiguration section */

/* Begin XCConfigurationList section */
		3DAD44D11BDEF84B007E123A /* Build configuration list for PBXProject "CMSimulator" */ = {
			isa = XCConfigurationList;
			buildConfigurations = (
				3DAD45011BDEF84C007E123A /* Debug */,
				3DAD45021BDEF84C007E123A /* Release */,
			);
			defaultConfigurationIsVisible = 0;
			defaultConfigurationName = Release;
		};
		3DAD45031BDEF84C007E123A /* Build configuration list for PBXNativeTarget "CriticalPathSim" */ = {
			isa = XCConfigurationList;
			buildConfigurations = (
				3DAD45041BDEF84C007E123A /* Debug */,
				3DAD45051BDEF84C007E123A /* Release */,
			);
			defaultConfigurationIsVisible = 0;
			defaultConfigurationName = Release;
		};
		3DAD45061BDEF84C007E123A /* Build configuration list for PBXNativeTarget "CMSimulatorTests" */ = {
			isa = XCConfigurationList;
			buildConfigurations = (
				3DAD45071BDEF84C007E123A /* Debug */,
				3DAD45081BDEF84C007E123A /* Release */,
			);
			defaultConfigurationIsVisible = 0;
			defaultConfigurationName = Release;
		};
		3DAD45091BDEF84C007E123A /* Build configuration list for PBXNativeTarget "CMSimulatorUITests" */ = {
			isa = XCConfigurationList;
			buildConfigurations = (
				3DAD450A1BDEF84C007E123A /* Debug */,
				3DAD450B1BDEF84C007E123A /* Release */,
			);
			defaultConfigurationIsVisible = 0;
			defaultConfigurationName = Release;
		};
/* End XCConfigurationList section */
	};
	rootObject = 3DAD44CE1BDEF84B007E123A /* Project object */;
}
